// !$*UTF8*$!
{
	archiveVersion = 1;
	classes = {
	};
	objectVersion = 50;
	objects = {

/* Begin PBXBuildFile section */
		B91A50F82246C9EF00E9D0CA /* vertex.cpp in Sources */ = {isa = PBXBuildFile; fileRef = B91A50F62246C9EF00E9D0CA /* vertex.cpp */; };
		B91D19932228BBD7007CA202 /* swapchain_image_set.cpp in Sources */ = {isa = PBXBuildFile; fileRef = B91D19912228BBD7007CA202 /* swapchain_image_set.cpp */; };
		B924E0B72211E7C500157385 /* mesh.cpp in Sources */ = {isa = PBXBuildFile; fileRef = B924E0B62211E7C500157385 /* mesh.cpp */; };
		B92627DF219B476200D1358A /* CoreGraphics.framework in Frameworks */ = {isa = PBXBuildFile; fileRef = B92627DE219B476200D1358A /* CoreGraphics.framework */; };
		B92627E0219B477400D1358A /* CoreGraphics.framework in Resources */ = {isa = PBXBuildFile; fileRef = B92627DE219B476200D1358A /* CoreGraphics.framework */; };
		B92627E2219B47CB00D1358A /* CoreVideo.framework in Frameworks */ = {isa = PBXBuildFile; fileRef = B92627E1219B47CA00D1358A /* CoreVideo.framework */; };
		B92627E3219B47D500D1358A /* CoreVideo.framework in Resources */ = {isa = PBXBuildFile; fileRef = B92627E1219B47CA00D1358A /* CoreVideo.framework */; };
		B92627E5219B481700D1358A /* IOKit.framework in Frameworks */ = {isa = PBXBuildFile; fileRef = B92627E4219B481700D1358A /* IOKit.framework */; };
		B92627E6219B481F00D1358A /* IOKit.framework in Resources */ = {isa = PBXBuildFile; fileRef = B92627E4219B481700D1358A /* IOKit.framework */; };
		B92627E8219B48D700D1358A /* AppKit.framework in Frameworks */ = {isa = PBXBuildFile; fileRef = B92627E7219B48D700D1358A /* AppKit.framework */; };
		B92627E9219B48E000D1358A /* AppKit.framework in Resources */ = {isa = PBXBuildFile; fileRef = B92627E7219B48D700D1358A /* AppKit.framework */; };
		B92627EC219C0CE900D1358A /* shaders in Resources */ = {isa = PBXBuildFile; fileRef = B92627EB219C0CE900D1358A /* shaders */; };
		B9384E75220171E500565024 /* main.mm in Sources */ = {isa = PBXBuildFile; fileRef = B9384E74220171E400565024 /* main.mm */; };
		B938D04D219534B7004F759E /* Assets.xcassets in Resources */ = {isa = PBXBuildFile; fileRef = B938D04C219534B7004F759E /* Assets.xcassets */; };
		B938D05E21953DE7004F759E /* MoltenVKGLSLToSPIRVConverter.framework in Frameworks */ = {isa = PBXBuildFile; fileRef = B938D05D21953DE7004F759E /* MoltenVKGLSLToSPIRVConverter.framework */; };
		B938D06121953E0A004F759E /* MoltenVKGLSLToSPIRVConverter.framework in Resources */ = {isa = PBXBuildFile; fileRef = B938D05D21953DE7004F759E /* MoltenVKGLSLToSPIRVConverter.framework */; };
		B9399BBC22CFA05E001EEA5B /* material_base.cpp in Sources */ = {isa = PBXBuildFile; fileRef = B9399BBA22CFA05E001EEA5B /* material_base.cpp */; };
		B94E2956221A1C1B005859E8 /* depth_image.cpp in Sources */ = {isa = PBXBuildFile; fileRef = B94E2954221A1C1B005859E8 /* depth_image.cpp */; };
		B96B782021E070DD0089A2F7 /* textures in Resources */ = {isa = PBXBuildFile; fileRef = B96B781F21E070DC0089A2F7 /* textures */; };
		B976F9BA222A723200CD2F78 /* libMoltenVK.dylib in Resources */ = {isa = PBXBuildFile; fileRef = B976F9B9222A723200CD2F78 /* libMoltenVK.dylib */; };
		B976F9BB222A731800CD2F78 /* libMoltenVK.dylib in Frameworks */ = {isa = PBXBuildFile; fileRef = B976F9B9222A723200CD2F78 /* libMoltenVK.dylib */; };
		B9776C9E2267B3B800DCB645 /* deferred_renderer.cpp in Sources */ = {isa = PBXBuildFile; fileRef = B9776C9C2267B3B800DCB645 /* deferred_renderer.cpp */; };
		B9776CA12267DDE200DCB645 /* render_texture.cpp in Sources */ = {isa = PBXBuildFile; fileRef = B9776C9F2267DDE200DCB645 /* render_texture.cpp */; };
		B984C7FC2238CD18002327DE /* display_plane.cpp in Sources */ = {isa = PBXBuildFile; fileRef = B984C7FA2238CD18002327DE /* display_plane.cpp */; };
		B98DB6C022E06362009ABBC3 /* texture_3d.cpp in Sources */ = {isa = PBXBuildFile; fileRef = B98DB6BE22E06362009ABBC3 /* texture_3d.cpp */; };
		B9AE757D2244C9AD00A219A3 /* graphics_pipeline.cpp in Sources */ = {isa = PBXBuildFile; fileRef = B9AE757B2244C9AD00A219A3 /* graphics_pipeline.cpp */; };
		B9C7CD99222E482000AA173A /* object.cpp in Sources */ = {isa = PBXBuildFile; fileRef = B9C7CD97222E482000AA173A /* object.cpp */; };
		B9CD5A472202CB01006D4C39 /* models in Resources */ = {isa = PBXBuildFile; fileRef = B9CD5A462202CB01006D4C39 /* models */; };
		B9E113D622C87105004136A7 /* compute_pipeline.cpp in Sources */ = {isa = PBXBuildFile; fileRef = B9E113D422C87105004136A7 /* compute_pipeline.cpp */; };
		B9E113DC22C9F03D004136A7 /* compute_material.cpp in Sources */ = {isa = PBXBuildFile; fileRef = B9E113DA22C9F03D004136A7 /* compute_material.cpp */; };
		B9E1EED12213F341006DBA67 /* material_store.cpp in Sources */ = {isa = PBXBuildFile; fileRef = B9E1EECF2213F341006DBA67 /* material_store.cpp */; };
		B9E1EED42213F6B0006DBA67 /* shader.cpp in Sources */ = {isa = PBXBuildFile; fileRef = B9E1EED22213F6B0006DBA67 /* shader.cpp */; };
		B9E1EED72213F723006DBA67 /* resource.cpp in Sources */ = {isa = PBXBuildFile; fileRef = B9E1EED52213F723006DBA67 /* resource.cpp */; };
		B9E1EEF12217C357006DBA67 /* image.cpp in Sources */ = {isa = PBXBuildFile; fileRef = B9E1EEEF2217C357006DBA67 /* image.cpp */; };
		B9E92BCC220D4AD20060F755 /* swapchain.cpp in Sources */ = {isa = PBXBuildFile; fileRef = B9E92BCA220D4AD20060F755 /* swapchain.cpp */; };
		B9E92BCF220D545B0060F755 /* device.cpp in Sources */ = {isa = PBXBuildFile; fileRef = B9E92BCD220D545B0060F755 /* device.cpp */; };
		B9E92BD2220D69FB0060F755 /* renderer.cpp in Sources */ = {isa = PBXBuildFile; fileRef = B9E92BD0220D69FB0060F755 /* renderer.cpp */; };
		B9E92BD52210DBAE0060F755 /* visual_material.cpp in Sources */ = {isa = PBXBuildFile; fileRef = B9E92BD32210DBAE0060F755 /* visual_material.cpp */; };
		B9E92BD8221114D00060F755 /* texture_2d.cpp in Sources */ = {isa = PBXBuildFile; fileRef = B9E92BD6221114D00060F755 /* texture_2d.cpp */; };
/* End PBXBuildFile section */

/* Begin PBXFileReference section */
		B91A50F62246C9EF00E9D0CA /* vertex.cpp */ = {isa = PBXFileReference; lastKnownFileType = sourcecode.cpp.cpp; path = vertex.cpp; sourceTree = "<group>"; };
		B91A50F72246C9EF00E9D0CA /* vertex.h */ = {isa = PBXFileReference; lastKnownFileType = sourcecode.c.h; path = vertex.h; sourceTree = "<group>"; };
		B91D19912228BBD7007CA202 /* swapchain_image_set.cpp */ = {isa = PBXFileReference; lastKnownFileType = sourcecode.cpp.cpp; path = swapchain_image_set.cpp; sourceTree = "<group>"; };
		B91D19922228BBD7007CA202 /* swapchain_image_set.h */ = {isa = PBXFileReference; lastKnownFileType = sourcecode.c.h; path = swapchain_image_set.h; sourceTree = "<group>"; };
		B924E0B62211E7C500157385 /* mesh.cpp */ = {isa = PBXFileReference; lastKnownFileType = sourcecode.cpp.cpp; path = mesh.cpp; sourceTree = "<group>"; };
		B92627DE219B476200D1358A /* CoreGraphics.framework */ = {isa = PBXFileReference; lastKnownFileType = wrapper.framework; name = CoreGraphics.framework; path = System/Library/Frameworks/CoreGraphics.framework; sourceTree = SDKROOT; };
		B92627E1219B47CA00D1358A /* CoreVideo.framework */ = {isa = PBXFileReference; lastKnownFileType = wrapper.framework; name = CoreVideo.framework; path = System/Library/Frameworks/CoreVideo.framework; sourceTree = SDKROOT; };
		B92627E4219B481700D1358A /* IOKit.framework */ = {isa = PBXFileReference; lastKnownFileType = wrapper.framework; name = IOKit.framework; path = System/Library/Frameworks/IOKit.framework; sourceTree = SDKROOT; };
		B92627E7219B48D700D1358A /* AppKit.framework */ = {isa = PBXFileReference; lastKnownFileType = wrapper.framework; name = AppKit.framework; path = System/Library/Frameworks/AppKit.framework; sourceTree = SDKROOT; };
		B92627EB219C0CE900D1358A /* shaders */ = {isa = PBXFileReference; lastKnownFileType = folder; name = shaders; path = "vulkan-gui-test/shaders"; sourceTree = "<group>"; };
		B9384E74220171E400565024 /* main.mm */ = {isa = PBXFileReference; fileEncoding = 4; lastKnownFileType = sourcecode.cpp.objcpp; path = main.mm; sourceTree = "<group>"; };
		B9384E782202198100565024 /* mesh.h */ = {isa = PBXFileReference; lastKnownFileType = sourcecode.c.h; path = mesh.h; sourceTree = "<group>"; };
		B938D043219534B7004F759E /* vulkan-gui-test.app */ = {isa = PBXFileReference; explicitFileType = wrapper.application; includeInIndex = 0; path = "vulkan-gui-test.app"; sourceTree = BUILT_PRODUCTS_DIR; };
		B938D04C219534B7004F759E /* Assets.xcassets */ = {isa = PBXFileReference; lastKnownFileType = folder.assetcatalog; path = Assets.xcassets; sourceTree = "<group>"; };
		B938D051219534B7004F759E /* Info.plist */ = {isa = PBXFileReference; lastKnownFileType = text.plist.xml; path = Info.plist; sourceTree = "<group>"; };
		B938D054219534B7004F759E /* vulkan_gui_test.entitlements */ = {isa = PBXFileReference; lastKnownFileType = text.plist.entitlements; path = vulkan_gui_test.entitlements; sourceTree = "<group>"; };
		B938D05B21953D35004F759E /* vulkan.framework */ = {isa = PBXFileReference; lastKnownFileType = wrapper.framework; name = vulkan.framework; path = "vulkan-gui-test/vulkansdk-macos-1.1.85.0/macOS/Frameworks/vulkan.framework"; sourceTree = "<group>"; };
		B938D05D21953DE7004F759E /* MoltenVKGLSLToSPIRVConverter.framework */ = {isa = PBXFileReference; lastKnownFileType = wrapper.framework; name = MoltenVKGLSLToSPIRVConverter.framework; path = "vulkan-gui-test/vulkansdk-macos-1.1.85.0/macOS/Frameworks/MoltenVKGLSLToSPIRVConverter.framework"; sourceTree = "<group>"; };
		B938D06B21953FC0004F759E /* macOS */ = {isa = PBXFileReference; fileEncoding = 4; lastKnownFileType = text; path = macOS; sourceTree = "<group>"; };
		B938D06C21953FC0004F759E /* GLSLConversion.h */ = {isa = PBXFileReference; fileEncoding = 4; lastKnownFileType = sourcecode.c.h; path = GLSLConversion.h; sourceTree = "<group>"; };
		B938D06F21953FC0004F759E /* iOS */ = {isa = PBXFileReference; fileEncoding = 4; lastKnownFileType = text; path = iOS; sourceTree = "<group>"; };
		B938D07021953FC0004F759E /* GLSLToSPIRVConverter.h */ = {isa = PBXFileReference; fileEncoding = 4; lastKnownFileType = sourcecode.c.h; path = GLSLToSPIRVConverter.h; sourceTree = "<group>"; };
		B938D1E621954FBA004F759E /* MoltenVK.framework */ = {isa = PBXFileReference; lastKnownFileType = wrapper.framework; name = MoltenVK.framework; path = "vulkan-gui-test/vulkansdk-macos-1.1.85.0/MoltenVK/macOS/MoltenVK.framework"; sourceTree = "<group>"; };
		B9399BBA22CFA05E001EEA5B /* material_base.cpp */ = {isa = PBXFileReference; lastKnownFileType = sourcecode.cpp.cpp; path = material_base.cpp; sourceTree = "<group>"; };
		B9399BBB22CFA05E001EEA5B /* material_base.h */ = {isa = PBXFileReference; lastKnownFileType = sourcecode.c.h; path = material_base.h; sourceTree = "<group>"; };
		B94CEB972246FA7C001AEDEE /* shader.h */ = {isa = PBXFileReference; fileEncoding = 4; lastKnownFileType = sourcecode.c.h; path = shader.h; sourceTree = "<group>"; };
		B94CEB982248243F001AEDEE /* tiny_obj_loader.h */ = {isa = PBXFileReference; fileEncoding = 4; lastKnownFileType = sourcecode.c.h; path = tiny_obj_loader.h; sourceTree = "<group>"; };
		B94CEB9922482516001AEDEE /* stb_image.h */ = {isa = PBXFileReference; fileEncoding = 4; lastKnownFileType = sourcecode.c.h; path = stb_image.h; sourceTree = "<group>"; };
		B94E29512218DB48005859E8 /* ordered_set.h */ = {isa = PBXFileReference; fileEncoding = 4; lastKnownFileType = sourcecode.c.h; path = ordered_set.h; sourceTree = "<group>"; };
		B94E29522218DB48005859E8 /* ordered_hash.h */ = {isa = PBXFileReference; fileEncoding = 4; lastKnownFileType = sourcecode.c.h; path = ordered_hash.h; sourceTree = "<group>"; };
		B94E29532218DB48005859E8 /* ordered_map.h */ = {isa = PBXFileReference; fileEncoding = 4; lastKnownFileType = sourcecode.c.h; path = ordered_map.h; sourceTree = "<group>"; };
		B94E2954221A1C1B005859E8 /* depth_image.cpp */ = {isa = PBXFileReference; lastKnownFileType = sourcecode.cpp.cpp; path = depth_image.cpp; sourceTree = "<group>"; };
		B94E2955221A1C1B005859E8 /* depth_image.h */ = {isa = PBXFileReference; lastKnownFileType = sourcecode.c.h; path = depth_image.h; sourceTree = "<group>"; };
		B96B781F21E070DC0089A2F7 /* textures */ = {isa = PBXFileReference; lastKnownFileType = folder; name = textures; path = "vulkan-gui-test/textures"; sourceTree = "<group>"; };
		B976F9B9222A723200CD2F78 /* libMoltenVK.dylib */ = {isa = PBXFileReference; lastKnownFileType = "compiled.mach-o.dylib"; name = libMoltenVK.dylib; path = "vulkan-gui-test/vulkansdk-macos-1.1.85.0/MoltenVK/macOS/libMoltenVK.dylib"; sourceTree = "<group>"; };
		B9776C9C2267B3B800DCB645 /* deferred_renderer.cpp */ = {isa = PBXFileReference; lastKnownFileType = sourcecode.cpp.cpp; path = deferred_renderer.cpp; sourceTree = "<group>"; };
		B9776C9D2267B3B800DCB645 /* deferred_renderer.h */ = {isa = PBXFileReference; lastKnownFileType = sourcecode.c.h; path = deferred_renderer.h; sourceTree = "<group>"; };
		B9776C9F2267DDE200DCB645 /* render_texture.cpp */ = {isa = PBXFileReference; lastKnownFileType = sourcecode.cpp.cpp; path = render_texture.cpp; sourceTree = "<group>"; };
		B9776CA02267DDE200DCB645 /* render_texture.h */ = {isa = PBXFileReference; lastKnownFileType = sourcecode.c.h; path = render_texture.h; sourceTree = "<group>"; };
		B984C7FA2238CD18002327DE /* display_plane.cpp */ = {isa = PBXFileReference; lastKnownFileType = sourcecode.cpp.cpp; path = display_plane.cpp; sourceTree = "<group>"; };
		B984C7FB2238CD18002327DE /* display_plane.h */ = {isa = PBXFileReference; lastKnownFileType = sourcecode.c.h; path = display_plane.h; sourceTree = "<group>"; };
		B98DB6BE22E06362009ABBC3 /* texture_3d.cpp */ = {isa = PBXFileReference; lastKnownFileType = sourcecode.cpp.cpp; path = texture_3d.cpp; sourceTree = "<group>"; };
		B98DB6BF22E06362009ABBC3 /* texture_3d.h */ = {isa = PBXFileReference; lastKnownFileType = sourcecode.c.h; path = texture_3d.h; sourceTree = "<group>"; };
		B9AE757B2244C9AD00A219A3 /* graphics_pipeline.cpp */ = {isa = PBXFileReference; lastKnownFileType = sourcecode.cpp.cpp; path = graphics_pipeline.cpp; sourceTree = "<group>"; };
		B9AE757C2244C9AD00A219A3 /* graphics_pipeline.h */ = {isa = PBXFileReference; lastKnownFileType = sourcecode.c.h; path = graphics_pipeline.h; sourceTree = "<group>"; };
		B9C7CD97222E482000AA173A /* object.cpp */ = {isa = PBXFileReference; lastKnownFileType = sourcecode.cpp.cpp; path = object.cpp; sourceTree = "<group>"; };
		B9C7CD98222E482000AA173A /* object.h */ = {isa = PBXFileReference; lastKnownFileType = sourcecode.c.h; path = object.h; sourceTree = "<group>"; };
		B9CD5A462202CB01006D4C39 /* models */ = {isa = PBXFileReference; lastKnownFileType = folder; name = models; path = "vulkan-gui-test/models"; sourceTree = "<group>"; };
		B9DC35FA219574C2007B4FD8 /* vk_layer.h */ = {isa = PBXFileReference; fileEncoding = 4; lastKnownFileType = sourcecode.c.h; path = vk_layer.h; sourceTree = "<group>"; };
		B9DC35FB219574C2007B4FD8 /* vk_icd.h */ = {isa = PBXFileReference; fileEncoding = 4; lastKnownFileType = sourcecode.c.h; path = vk_icd.h; sourceTree = "<group>"; };
		B9DC35FC219574C2007B4FD8 /* vulkan_vi.h */ = {isa = PBXFileReference; fileEncoding = 4; lastKnownFileType = sourcecode.c.h; path = vulkan_vi.h; sourceTree = "<group>"; };
		B9DC35FD219574C2007B4FD8 /* vulkan.h */ = {isa = PBXFileReference; fileEncoding = 4; lastKnownFileType = sourcecode.c.h; path = vulkan.h; sourceTree = "<group>"; };
		B9DC35FE219574C2007B4FD8 /* vk_platform.h */ = {isa = PBXFileReference; fileEncoding = 4; lastKnownFileType = sourcecode.c.h; path = vk_platform.h; sourceTree = "<group>"; };
		B9DC35FF219574C2007B4FD8 /* vulkan.hpp */ = {isa = PBXFileReference; fileEncoding = 4; lastKnownFileType = sourcecode.cpp.h; path = vulkan.hpp; sourceTree = "<group>"; };
		B9DC3600219574C2007B4FD8 /* vulkan_wayland.h */ = {isa = PBXFileReference; fileEncoding = 4; lastKnownFileType = sourcecode.c.h; path = vulkan_wayland.h; sourceTree = "<group>"; };
		B9DC3601219574C2007B4FD8 /* vulkan_win32.h */ = {isa = PBXFileReference; fileEncoding = 4; lastKnownFileType = sourcecode.c.h; path = vulkan_win32.h; sourceTree = "<group>"; };
		B9DC3602219574C2007B4FD8 /* vulkan_macos.h */ = {isa = PBXFileReference; fileEncoding = 4; lastKnownFileType = sourcecode.c.h; path = vulkan_macos.h; sourceTree = "<group>"; };
		B9DC3603219574C2007B4FD8 /* vulkan_xlib_xrandr.h */ = {isa = PBXFileReference; fileEncoding = 4; lastKnownFileType = sourcecode.c.h; path = vulkan_xlib_xrandr.h; sourceTree = "<group>"; };
		B9DC3604219574C2007B4FD8 /* vulkan_xcb.h */ = {isa = PBXFileReference; fileEncoding = 4; lastKnownFileType = sourcecode.c.h; path = vulkan_xcb.h; sourceTree = "<group>"; };
		B9DC3605219574C2007B4FD8 /* vulkan_mir.h */ = {isa = PBXFileReference; fileEncoding = 4; lastKnownFileType = sourcecode.c.h; path = vulkan_mir.h; sourceTree = "<group>"; };
		B9DC3606219574C2007B4FD8 /* vulkan_xlib.h */ = {isa = PBXFileReference; fileEncoding = 4; lastKnownFileType = sourcecode.c.h; path = vulkan_xlib.h; sourceTree = "<group>"; };
		B9DC3607219574C2007B4FD8 /* vulkan_ios.h */ = {isa = PBXFileReference; fileEncoding = 4; lastKnownFileType = sourcecode.c.h; path = vulkan_ios.h; sourceTree = "<group>"; };
		B9DC3608219574C2007B4FD8 /* vulkan_core.h */ = {isa = PBXFileReference; fileEncoding = 4; lastKnownFileType = sourcecode.c.h; path = vulkan_core.h; sourceTree = "<group>"; };
		B9DC3609219574C2007B4FD8 /* vk_sdk_platform.h */ = {isa = PBXFileReference; fileEncoding = 4; lastKnownFileType = sourcecode.c.h; path = vk_sdk_platform.h; sourceTree = "<group>"; };
		B9DC360A219574C2007B4FD8 /* vulkan_android.h */ = {isa = PBXFileReference; fileEncoding = 4; lastKnownFileType = sourcecode.c.h; path = vulkan_android.h; sourceTree = "<group>"; };
		B9E113D422C87105004136A7 /* compute_pipeline.cpp */ = {isa = PBXFileReference; lastKnownFileType = sourcecode.cpp.cpp; path = compute_pipeline.cpp; sourceTree = "<group>"; };
		B9E113D522C87105004136A7 /* compute_pipeline.h */ = {isa = PBXFileReference; lastKnownFileType = sourcecode.c.h; path = compute_pipeline.h; sourceTree = "<group>"; };
		B9E113D822C9E620004136A7 /* pipeline.h */ = {isa = PBXFileReference; lastKnownFileType = sourcecode.c.h; path = pipeline.h; sourceTree = "<group>"; };
		B9E113DA22C9F03D004136A7 /* compute_material.cpp */ = {isa = PBXFileReference; lastKnownFileType = sourcecode.cpp.cpp; path = compute_material.cpp; sourceTree = "<group>"; };
		B9E113DB22C9F03D004136A7 /* compute_material.h */ = {isa = PBXFileReference; lastKnownFileType = sourcecode.c.h; path = compute_material.h; sourceTree = "<group>"; };
		B9E1EECF2213F341006DBA67 /* material_store.cpp */ = {isa = PBXFileReference; lastKnownFileType = sourcecode.cpp.cpp; path = material_store.cpp; sourceTree = "<group>"; };
		B9E1EED02213F341006DBA67 /* material_store.h */ = {isa = PBXFileReference; lastKnownFileType = sourcecode.c.h; path = material_store.h; sourceTree = "<group>"; };
		B9E1EED22213F6B0006DBA67 /* shader.cpp */ = {isa = PBXFileReference; lastKnownFileType = sourcecode.cpp.cpp; path = shader.cpp; sourceTree = "<group>"; };
		B9E1EED52213F723006DBA67 /* resource.cpp */ = {isa = PBXFileReference; lastKnownFileType = sourcecode.cpp.cpp; path = resource.cpp; sourceTree = "<group>"; };
		B9E1EED62213F723006DBA67 /* resource.h */ = {isa = PBXFileReference; lastKnownFileType = sourcecode.c.h; path = resource.h; sourceTree = "<group>"; };
		B9E1EEEC22166AC4006DBA67 /* shader_parameter.h */ = {isa = PBXFileReference; lastKnownFileType = sourcecode.c.h; path = shader_parameter.h; sourceTree = "<group>"; };
		B9E1EEEF2217C357006DBA67 /* image.cpp */ = {isa = PBXFileReference; lastKnownFileType = sourcecode.cpp.cpp; path = image.cpp; sourceTree = "<group>"; };
		B9E1EEF02217C357006DBA67 /* image.h */ = {isa = PBXFileReference; lastKnownFileType = sourcecode.c.h; path = image.h; sourceTree = "<group>"; };
		B9E92BCA220D4AD20060F755 /* swapchain.cpp */ = {isa = PBXFileReference; lastKnownFileType = sourcecode.cpp.cpp; path = swapchain.cpp; sourceTree = "<group>"; };
		B9E92BCB220D4AD20060F755 /* swapchain.h */ = {isa = PBXFileReference; lastKnownFileType = sourcecode.c.h; path = swapchain.h; sourceTree = "<group>"; };
		B9E92BCD220D545B0060F755 /* device.cpp */ = {isa = PBXFileReference; lastKnownFileType = sourcecode.cpp.cpp; path = device.cpp; sourceTree = "<group>"; };
		B9E92BCE220D545B0060F755 /* device.h */ = {isa = PBXFileReference; lastKnownFileType = sourcecode.c.h; path = device.h; sourceTree = "<group>"; };
		B9E92BD0220D69FB0060F755 /* renderer.cpp */ = {isa = PBXFileReference; lastKnownFileType = sourcecode.cpp.cpp; path = renderer.cpp; sourceTree = "<group>"; };
		B9E92BD1220D69FB0060F755 /* renderer.h */ = {isa = PBXFileReference; lastKnownFileType = sourcecode.c.h; path = renderer.h; sourceTree = "<group>"; };
		B9E92BD32210DBAE0060F755 /* visual_material.cpp */ = {isa = PBXFileReference; lastKnownFileType = sourcecode.cpp.cpp; path = visual_material.cpp; sourceTree = "<group>"; };
		B9E92BD42210DBAE0060F755 /* visual_material.h */ = {isa = PBXFileReference; lastKnownFileType = sourcecode.c.h; path = visual_material.h; sourceTree = "<group>"; };
		B9E92BD6221114D00060F755 /* texture_2d.cpp */ = {isa = PBXFileReference; lastKnownFileType = sourcecode.cpp.cpp; path = texture_2d.cpp; sourceTree = "<group>"; };
		B9E92BD7221114D00060F755 /* texture_2d.h */ = {isa = PBXFileReference; lastKnownFileType = sourcecode.c.h; path = texture_2d.h; sourceTree = "<group>"; };
/* End PBXFileReference section */

/* Begin PBXFrameworksBuildPhase section */
		B938D040219534B7004F759E /* Frameworks */ = {
			isa = PBXFrameworksBuildPhase;
			buildActionMask = 2147483647;
			files = (
				B976F9BB222A731800CD2F78 /* libMoltenVK.dylib in Frameworks */,
				B92627E8219B48D700D1358A /* AppKit.framework in Frameworks */,
				B92627E5219B481700D1358A /* IOKit.framework in Frameworks */,
				B92627E2219B47CB00D1358A /* CoreVideo.framework in Frameworks */,
				B92627DF219B476200D1358A /* CoreGraphics.framework in Frameworks */,
				B938D05E21953DE7004F759E /* MoltenVKGLSLToSPIRVConverter.framework in Frameworks */,
			);
			runOnlyForDeploymentPostprocessing = 0;
		};
/* End PBXFrameworksBuildPhase section */

/* Begin PBXGroup section */
		B938D03A219534B7004F759E = {
			isa = PBXGroup;
			children = (
				B9CD5A462202CB01006D4C39 /* models */,
				B96B781F21E070DC0089A2F7 /* textures */,
				B92627EB219C0CE900D1358A /* shaders */,
				B938D045219534B7004F759E /* vulkan-gui-test */,
				B938D044219534B7004F759E /* Products */,
				B938D05A21953D34004F759E /* Frameworks */,
			);
			sourceTree = "<group>";
		};
		B938D044219534B7004F759E /* Products */ = {
			isa = PBXGroup;
			children = (
				B938D043219534B7004F759E /* vulkan-gui-test.app */,
			);
			name = Products;
			sourceTree = "<group>";
		};
		B938D045219534B7004F759E /* vulkan-gui-test */ = {
			isa = PBXGroup;
			children = (
				B9E92BC9220D4A990060F755 /* vulkan_wrapper */,
				B9384E74220171E400565024 /* main.mm */,
				B9DC35F9219574C2007B4FD8 /* vulkan */,
				B938D06421953FC0004F759E /* utils */,
				B938D04C219534B7004F759E /* Assets.xcassets */,
				B938D051219534B7004F759E /* Info.plist */,
				B938D054219534B7004F759E /* vulkan_gui_test.entitlements */,
			);
			path = "vulkan-gui-test";
			sourceTree = "<group>";
		};
		B938D05A21953D34004F759E /* Frameworks */ = {
			isa = PBXGroup;
			children = (
				B976F9B9222A723200CD2F78 /* libMoltenVK.dylib */,
				B92627E7219B48D700D1358A /* AppKit.framework */,
				B92627E4219B481700D1358A /* IOKit.framework */,
				B92627E1219B47CA00D1358A /* CoreVideo.framework */,
				B92627DE219B476200D1358A /* CoreGraphics.framework */,
				B938D1E621954FBA004F759E /* MoltenVK.framework */,
				B938D05D21953DE7004F759E /* MoltenVKGLSLToSPIRVConverter.framework */,
				B938D05B21953D35004F759E /* vulkan.framework */,
			);
			name = Frameworks;
			sourceTree = "<group>";
		};
		B938D06421953FC0004F759E /* utils */ = {
			isa = PBXGroup;
			children = (
				B94CEB9922482516001AEDEE /* stb_image.h */,
				B94CEB982248243F001AEDEE /* tiny_obj_loader.h */,
				B94E29502218DB48005859E8 /* tsl */,
				B938D06A21953FC0004F759E /* MoltenVKGLSLToSPIRVConverter */,
			);
			path = utils;
			sourceTree = "<group>";
		};
		B938D06A21953FC0004F759E /* MoltenVKGLSLToSPIRVConverter */ = {
			isa = PBXGroup;
			children = (
				B938D06B21953FC0004F759E /* macOS */,
				B938D06C21953FC0004F759E /* GLSLConversion.h */,
				B938D06F21953FC0004F759E /* iOS */,
				B938D07021953FC0004F759E /* GLSLToSPIRVConverter.h */,
			);
			path = MoltenVKGLSLToSPIRVConverter;
			sourceTree = "<group>";
		};
		B94E29502218DB48005859E8 /* tsl */ = {
			isa = PBXGroup;
			children = (
				B94E29512218DB48005859E8 /* ordered_set.h */,
				B94E29522218DB48005859E8 /* ordered_hash.h */,
				B94E29532218DB48005859E8 /* ordered_map.h */,
			);
			path = tsl;
			sourceTree = "<group>";
		};
		B9DC35F9219574C2007B4FD8 /* vulkan */ = {
			isa = PBXGroup;
			children = (
				B9DC35FA219574C2007B4FD8 /* vk_layer.h */,
				B9DC35FB219574C2007B4FD8 /* vk_icd.h */,
				B9DC35FC219574C2007B4FD8 /* vulkan_vi.h */,
				B9DC35FD219574C2007B4FD8 /* vulkan.h */,
				B9DC35FE219574C2007B4FD8 /* vk_platform.h */,
				B9DC35FF219574C2007B4FD8 /* vulkan.hpp */,
				B9DC3600219574C2007B4FD8 /* vulkan_wayland.h */,
				B9DC3601219574C2007B4FD8 /* vulkan_win32.h */,
				B9DC3602219574C2007B4FD8 /* vulkan_macos.h */,
				B9DC3603219574C2007B4FD8 /* vulkan_xlib_xrandr.h */,
				B9DC3604219574C2007B4FD8 /* vulkan_xcb.h */,
				B9DC3605219574C2007B4FD8 /* vulkan_mir.h */,
				B9DC3606219574C2007B4FD8 /* vulkan_xlib.h */,
				B9DC3607219574C2007B4FD8 /* vulkan_ios.h */,
				B9DC3608219574C2007B4FD8 /* vulkan_core.h */,
				B9DC3609219574C2007B4FD8 /* vk_sdk_platform.h */,
				B9DC360A219574C2007B4FD8 /* vulkan_android.h */,
			);
			name = vulkan;
			path = "vulkansdk-macos-1.1.85.0/MoltenVK/include/vulkan";
			sourceTree = "<group>";
		};
		B9E92BC9220D4A990060F755 /* vulkan_wrapper */ = {
			isa = PBXGroup;
			children = (
				B9E113DA22C9F03D004136A7 /* compute_material.cpp */,
				B9E113DB22C9F03D004136A7 /* compute_material.h */,
				B9E113D422C87105004136A7 /* compute_pipeline.cpp */,
				B9E113D522C87105004136A7 /* compute_pipeline.h */,
				B9776C9C2267B3B800DCB645 /* deferred_renderer.cpp */,
				B9776C9D2267B3B800DCB645 /* deferred_renderer.h */,
				B94E2954221A1C1B005859E8 /* depth_image.cpp */,
				B94E2955221A1C1B005859E8 /* depth_image.h */,
				B9E92BCD220D545B0060F755 /* device.cpp */,
				B9E92BCE220D545B0060F755 /* device.h */,
				B984C7FA2238CD18002327DE /* display_plane.cpp */,
				B984C7FB2238CD18002327DE /* display_plane.h */,
				B9AE757B2244C9AD00A219A3 /* graphics_pipeline.cpp */,
				B9AE757C2244C9AD00A219A3 /* graphics_pipeline.h */,
				B9E1EEEF2217C357006DBA67 /* image.cpp */,
				B9E1EEF02217C357006DBA67 /* image.h */,
				B9399BBA22CFA05E001EEA5B /* material_base.cpp */,
				B9399BBB22CFA05E001EEA5B /* material_base.h */,
				B9E1EECF2213F341006DBA67 /* material_store.cpp */,
				B9E1EED02213F341006DBA67 /* material_store.h */,
				B924E0B62211E7C500157385 /* mesh.cpp */,
				B9384E782202198100565024 /* mesh.h */,
				B9C7CD97222E482000AA173A /* object.cpp */,
				B9C7CD98222E482000AA173A /* object.h */,
				B9E113D822C9E620004136A7 /* pipeline.h */,
				B9776C9F2267DDE200DCB645 /* render_texture.cpp */,
				B9776CA02267DDE200DCB645 /* render_texture.h */,
				B9E92BD0220D69FB0060F755 /* renderer.cpp */,
				B9E92BD1220D69FB0060F755 /* renderer.h */,
				B9E1EED52213F723006DBA67 /* resource.cpp */,
				B9E1EED62213F723006DBA67 /* resource.h */,
				B9E1EEEC22166AC4006DBA67 /* shader_parameter.h */,
				B9E1EED22213F6B0006DBA67 /* shader.cpp */,
				B94CEB972246FA7C001AEDEE /* shader.h */,
				B91D19912228BBD7007CA202 /* swapchain_image_set.cpp */,
				B91D19922228BBD7007CA202 /* swapchain_image_set.h */,
				B9E92BCA220D4AD20060F755 /* swapchain.cpp */,
				B9E92BCB220D4AD20060F755 /* swapchain.h */,
				B9E92BD6221114D00060F755 /* texture_2d.cpp */,
				B9E92BD7221114D00060F755 /* texture_2d.h */,
				B98DB6BE22E06362009ABBC3 /* texture_3d.cpp */,
				B98DB6BF22E06362009ABBC3 /* texture_3d.h */,
				B91A50F62246C9EF00E9D0CA /* vertex.cpp */,
				B91A50F72246C9EF00E9D0CA /* vertex.h */,
				B9E92BD32210DBAE0060F755 /* visual_material.cpp */,
				B9E92BD42210DBAE0060F755 /* visual_material.h */,
			);
			path = vulkan_wrapper;
			sourceTree = "<group>";
		};
/* End PBXGroup section */

/* Begin PBXNativeTarget section */
		B938D042219534B7004F759E /* vulkan-gui-test */ = {
			isa = PBXNativeTarget;
			buildConfigurationList = B938D057219534B7004F759E /* Build configuration list for PBXNativeTarget "vulkan-gui-test" */;
			buildPhases = (
				B938D03F219534B7004F759E /* Sources */,
				B938D040219534B7004F759E /* Frameworks */,
				B938D041219534B7004F759E /* Resources */,
			);
			buildRules = (
			);
			dependencies = (
			);
			name = "vulkan-gui-test";
			productName = "vulkan-gui-test";
			productReference = B938D043219534B7004F759E /* vulkan-gui-test.app */;
			productType = "com.apple.product-type.application";
		};
/* End PBXNativeTarget section */

/* Begin PBXProject section */
		B938D03B219534B7004F759E /* Project object */ = {
			isa = PBXProject;
			attributes = {
				LastUpgradeCheck = 1010;
				ORGANIZATIONNAME = "Rafael Sabino";
				TargetAttributes = {
					B938D042219534B7004F759E = {
						CreatedOnToolsVersion = 10.1;
					};
				};
			};
			buildConfigurationList = B938D03E219534B7004F759E /* Build configuration list for PBXProject "vulkan-gui-test" */;
			compatibilityVersion = "Xcode 9.3";
			developmentRegion = en;
			hasScannedForEncodings = 0;
			knownRegions = (
				en,
				Base,
			);
			mainGroup = B938D03A219534B7004F759E;
			productRefGroup = B938D044219534B7004F759E /* Products */;
			projectDirPath = "";
			projectRoot = "";
			targets = (
				B938D042219534B7004F759E /* vulkan-gui-test */,
			);
		};
/* End PBXProject section */

/* Begin PBXResourcesBuildPhase section */
		B938D041219534B7004F759E /* Resources */ = {
			isa = PBXResourcesBuildPhase;
			buildActionMask = 2147483647;
			files = (
				B976F9BA222A723200CD2F78 /* libMoltenVK.dylib in Resources */,
				B9CD5A472202CB01006D4C39 /* models in Resources */,
				B92627E9219B48E000D1358A /* AppKit.framework in Resources */,
				B92627EC219C0CE900D1358A /* shaders in Resources */,
				B96B782021E070DD0089A2F7 /* textures in Resources */,
				B92627E6219B481F00D1358A /* IOKit.framework in Resources */,
				B92627E3219B47D500D1358A /* CoreVideo.framework in Resources */,
				B92627E0219B477400D1358A /* CoreGraphics.framework in Resources */,
				B938D06121953E0A004F759E /* MoltenVKGLSLToSPIRVConverter.framework in Resources */,
				B938D04D219534B7004F759E /* Assets.xcassets in Resources */,
			);
			runOnlyForDeploymentPostprocessing = 0;
		};
/* End PBXResourcesBuildPhase section */

/* Begin PBXSourcesBuildPhase section */
		B938D03F219534B7004F759E /* Sources */ = {
			isa = PBXSourcesBuildPhase;
			buildActionMask = 2147483647;
			files = (
				B9E1EEF12217C357006DBA67 /* image.cpp in Sources */,
				B9E1EED12213F341006DBA67 /* material_store.cpp in Sources */,
				B9E92BCF220D545B0060F755 /* device.cpp in Sources */,
				B94E2956221A1C1B005859E8 /* depth_image.cpp in Sources */,
				B9AE757D2244C9AD00A219A3 /* graphics_pipeline.cpp in Sources */,
				B9399BBC22CFA05E001EEA5B /* material_base.cpp in Sources */,
				B924E0B72211E7C500157385 /* mesh.cpp in Sources */,
				B9E92BD52210DBAE0060F755 /* visual_material.cpp in Sources */,
				B9E1EED72213F723006DBA67 /* resource.cpp in Sources */,
				B9E113D622C87105004136A7 /* compute_pipeline.cpp in Sources */,
				B9C7CD99222E482000AA173A /* object.cpp in Sources */,
				B91A50F82246C9EF00E9D0CA /* vertex.cpp in Sources */,
				B9384E75220171E500565024 /* main.mm in Sources */,
				B984C7FC2238CD18002327DE /* display_plane.cpp in Sources */,
				B9E113DC22C9F03D004136A7 /* compute_material.cpp in Sources */,
				B9E1EED42213F6B0006DBA67 /* shader.cpp in Sources */,
				B9E92BD8221114D00060F755 /* texture_2d.cpp in Sources */,
				B91D19932228BBD7007CA202 /* swapchain_image_set.cpp in Sources */,
				B9E92BD2220D69FB0060F755 /* renderer.cpp in Sources */,
				B9776C9E2267B3B800DCB645 /* deferred_renderer.cpp in Sources */,
				B9E92BCC220D4AD20060F755 /* swapchain.cpp in Sources */,
				B98DB6C022E06362009ABBC3 /* texture_3d.cpp in Sources */,
				B9776CA12267DDE200DCB645 /* render_texture.cpp in Sources */,
			);
			runOnlyForDeploymentPostprocessing = 0;
		};
/* End PBXSourcesBuildPhase section */

/* Begin XCBuildConfiguration section */
		B938D055219534B7004F759E /* Debug */ = {
			isa = XCBuildConfiguration;
			buildSettings = {
				ALWAYS_SEARCH_USER_PATHS = NO;
				CLANG_ANALYZER_NONNULL = YES;
				CLANG_ANALYZER_NUMBER_OBJECT_CONVERSION = YES_AGGRESSIVE;
				CLANG_CXX_LANGUAGE_STANDARD = "gnu++17";
				CLANG_CXX_LIBRARY = "libc++";
				CLANG_ENABLE_MODULES = YES;
				CLANG_ENABLE_OBJC_ARC = YES;
				CLANG_ENABLE_OBJC_WEAK = YES;
				CLANG_WARN_BLOCK_CAPTURE_AUTORELEASING = YES;
				CLANG_WARN_BOOL_CONVERSION = YES;
				CLANG_WARN_COMMA = YES;
				CLANG_WARN_CONSTANT_CONVERSION = YES;
				CLANG_WARN_DEPRECATED_OBJC_IMPLEMENTATIONS = YES;
				CLANG_WARN_DIRECT_OBJC_ISA_USAGE = YES_ERROR;
				CLANG_WARN_DOCUMENTATION_COMMENTS = YES;
				CLANG_WARN_EMPTY_BODY = YES;
				CLANG_WARN_ENUM_CONVERSION = YES;
				CLANG_WARN_INFINITE_RECURSION = YES;
				CLANG_WARN_INT_CONVERSION = YES;
				CLANG_WARN_NON_LITERAL_NULL_CONVERSION = YES;
				CLANG_WARN_OBJC_IMPLICIT_RETAIN_SELF = YES;
				CLANG_WARN_OBJC_LITERAL_CONVERSION = YES;
				CLANG_WARN_OBJC_ROOT_CLASS = YES_ERROR;
				CLANG_WARN_RANGE_LOOP_ANALYSIS = YES;
				CLANG_WARN_STRICT_PROTOTYPES = YES;
				CLANG_WARN_SUSPICIOUS_MOVE = YES;
				CLANG_WARN_UNGUARDED_AVAILABILITY = YES_AGGRESSIVE;
				CLANG_WARN_UNREACHABLE_CODE = YES;
				CLANG_WARN__DUPLICATE_METHOD_MATCH = YES;
				CODE_SIGN_IDENTITY = "Mac Developer";
				COPY_PHASE_STRIP = NO;
				DEBUG_INFORMATION_FORMAT = dwarf;
				ENABLE_STRICT_OBJC_MSGSEND = YES;
				ENABLE_TESTABILITY = YES;
				GCC_C_LANGUAGE_STANDARD = gnu11;
				GCC_DYNAMIC_NO_PIC = NO;
				GCC_NO_COMMON_BLOCKS = YES;
				GCC_OPTIMIZATION_LEVEL = 0;
				GCC_PREPROCESSOR_DEFINITIONS = (
					"DEBUG=1",
					"$(inherited)",
				);
				GCC_WARN_64_TO_32_BIT_CONVERSION = YES;
				GCC_WARN_ABOUT_RETURN_TYPE = YES_ERROR;
				GCC_WARN_UNDECLARED_SELECTOR = YES;
				GCC_WARN_UNINITIALIZED_AUTOS = YES_AGGRESSIVE;
				GCC_WARN_UNUSED_FUNCTION = YES;
				GCC_WARN_UNUSED_VARIABLE = YES;
				MACOSX_DEPLOYMENT_TARGET = 10.14;
				MTL_ENABLE_DEBUG_INFO = INCLUDE_SOURCE;
				MTL_FAST_MATH = YES;
				ONLY_ACTIVE_ARCH = YES;
				SDKROOT = macosx;
			};
			name = Debug;
		};
		B938D056219534B7004F759E /* Release */ = {
			isa = XCBuildConfiguration;
			buildSettings = {
				ALWAYS_SEARCH_USER_PATHS = NO;
				CLANG_ANALYZER_NONNULL = YES;
				CLANG_ANALYZER_NUMBER_OBJECT_CONVERSION = YES_AGGRESSIVE;
				CLANG_CXX_LANGUAGE_STANDARD = "gnu++17";
				CLANG_CXX_LIBRARY = "libc++";
				CLANG_ENABLE_MODULES = YES;
				CLANG_ENABLE_OBJC_ARC = YES;
				CLANG_ENABLE_OBJC_WEAK = YES;
				CLANG_WARN_BLOCK_CAPTURE_AUTORELEASING = YES;
				CLANG_WARN_BOOL_CONVERSION = YES;
				CLANG_WARN_COMMA = YES;
				CLANG_WARN_CONSTANT_CONVERSION = YES;
				CLANG_WARN_DEPRECATED_OBJC_IMPLEMENTATIONS = YES;
				CLANG_WARN_DIRECT_OBJC_ISA_USAGE = YES_ERROR;
				CLANG_WARN_DOCUMENTATION_COMMENTS = YES;
				CLANG_WARN_EMPTY_BODY = YES;
				CLANG_WARN_ENUM_CONVERSION = YES;
				CLANG_WARN_INFINITE_RECURSION = YES;
				CLANG_WARN_INT_CONVERSION = YES;
				CLANG_WARN_NON_LITERAL_NULL_CONVERSION = YES;
				CLANG_WARN_OBJC_IMPLICIT_RETAIN_SELF = YES;
				CLANG_WARN_OBJC_LITERAL_CONVERSION = YES;
				CLANG_WARN_OBJC_ROOT_CLASS = YES_ERROR;
				CLANG_WARN_RANGE_LOOP_ANALYSIS = YES;
				CLANG_WARN_STRICT_PROTOTYPES = YES;
				CLANG_WARN_SUSPICIOUS_MOVE = YES;
				CLANG_WARN_UNGUARDED_AVAILABILITY = YES_AGGRESSIVE;
				CLANG_WARN_UNREACHABLE_CODE = YES;
				CLANG_WARN__DUPLICATE_METHOD_MATCH = YES;
				CODE_SIGN_IDENTITY = "Mac Developer";
				COPY_PHASE_STRIP = NO;
				DEBUG_INFORMATION_FORMAT = "dwarf-with-dsym";
				ENABLE_NS_ASSERTIONS = NO;
				ENABLE_STRICT_OBJC_MSGSEND = YES;
				GCC_C_LANGUAGE_STANDARD = gnu11;
				GCC_NO_COMMON_BLOCKS = YES;
				GCC_WARN_64_TO_32_BIT_CONVERSION = YES;
				GCC_WARN_ABOUT_RETURN_TYPE = YES_ERROR;
				GCC_WARN_UNDECLARED_SELECTOR = YES;
				GCC_WARN_UNINITIALIZED_AUTOS = YES_AGGRESSIVE;
				GCC_WARN_UNUSED_FUNCTION = YES;
				GCC_WARN_UNUSED_VARIABLE = YES;
				MACOSX_DEPLOYMENT_TARGET = 10.14;
				MTL_ENABLE_DEBUG_INFO = NO;
				MTL_FAST_MATH = YES;
				SDKROOT = macosx;
			};
			name = Release;
		};
		B938D058219534B7004F759E /* Debug */ = {
			isa = XCBuildConfiguration;
			buildSettings = {
				ASSETCATALOG_COMPILER_APPICON_NAME = AppIcon;
				CLANG_CXX_LIBRARY = "libc++";
				CODE_SIGN_ENTITLEMENTS = "vulkan-gui-test/vulkan_gui_test.entitlements";
				CODE_SIGN_STYLE = Automatic;
				COMBINE_HIDPI_IMAGES = YES;
				DEVELOPMENT_TEAM = 5662ABGNXL;
				FRAMEWORK_SEARCH_PATHS = (
					"$(inherited)",
					"$(PROJECT_DIR)/vulkan-gui-test/vulkansdk-macos-1.1.85.0/macOS/Frameworks",
					"$(PROJECT_DIR)/vulkan-gui-test/vulkansdk-macos-1.1.85.0/MoltenVK/macOS",
				);
				HEADER_SEARCH_PATHS = (
					"./vulkan-gui-test/vulkan_wrapper",
					"./vulkan-gui-test/utils/",
					"./vulkan-gui-test/vulkansdk-macos-1.1.85.0/MoltenVK/include",
					"./vulkan-gui-test/",
					./glm,
				);
				INFOPLIST_FILE = "vulkan-gui-test/Info.plist";
				LD_RUNPATH_SEARCH_PATHS = (
					"$(inherited)",
					"@executable_path/../Resources",
				);
				LIBRARY_SEARCH_PATHS = (
					"$(inherited)",
					"$(PROJECT_DIR)/vulkan-gui-test/vulkansdk-macos-1.1.85.0/MoltenVK/macOS",
					"$(PROJECT_DIR)/vulkan-gui-test/Libraries/Mac/Debug",
				);
				OTHER_LDFLAGS = "-lglfw3";
				PRODUCT_BUNDLE_IDENTIFIER = "codigo-artistico.vulkan-gui-test";
				PRODUCT_NAME = "$(TARGET_NAME)";
			};
			name = Debug;
		};
		B938D059219534B7004F759E /* Release */ = {
			isa = XCBuildConfiguration;
			buildSettings = {
				ASSETCATALOG_COMPILER_APPICON_NAME = AppIcon;
				CLANG_CXX_LIBRARY = "libc++";
				CODE_SIGN_ENTITLEMENTS = "vulkan-gui-test/vulkan_gui_test.entitlements";
				CODE_SIGN_STYLE = Automatic;
				COMBINE_HIDPI_IMAGES = YES;
				DEVELOPMENT_TEAM = 5662ABGNXL;
				FRAMEWORK_SEARCH_PATHS = (
					"$(inherited)",
					"$(PROJECT_DIR)/vulkan-gui-test/vulkansdk-macos-1.1.85.0/macOS/Frameworks",
					"$(PROJECT_DIR)/vulkan-gui-test/vulkansdk-macos-1.1.85.0/MoltenVK/macOS",
				);
				HEADER_SEARCH_PATHS = (
					"./vulkan-gui-test/vulkan_wrapper",
					"./vulkan-gui-test/utils/",
					"./vulkan-gui-test/vulkansdk-macos-1.1.85.0/MoltenVK/include",
					"./vulkan-gui-test/",
					./glm,
				);
				INFOPLIST_FILE = "vulkan-gui-test/Info.plist";
				LD_RUNPATH_SEARCH_PATHS = (
					"$(inherited)",
					"@executable_path/../Resources",
				);
				LIBRARY_SEARCH_PATHS = (
					"$(inherited)",
					"$(PROJECT_DIR)/vulkan-gui-test/vulkansdk-macos-1.1.85.0/MoltenVK/macOS",
					"$(PROJECT_DIR)/vulkan-gui-test/Libraries/Mac/Release",
				);
				OTHER_LDFLAGS = "-lglfw3";
				PRODUCT_BUNDLE_IDENTIFIER = "codigo-artistico.vulkan-gui-test";
				PRODUCT_NAME = "$(TARGET_NAME)";
			};
			name = Release;
		};
/* End XCBuildConfiguration section */

/* Begin XCConfigurationList section */
		B938D03E219534B7004F759E /* Build configuration list for PBXProject "vulkan-gui-test" */ = {
			isa = XCConfigurationList;
			buildConfigurations = (
				B938D055219534B7004F759E /* Debug */,
				B938D056219534B7004F759E /* Release */,
			);
			defaultConfigurationIsVisible = 0;
			defaultConfigurationName = Release;
		};
		B938D057219534B7004F759E /* Build configuration list for PBXNativeTarget "vulkan-gui-test" */ = {
			isa = XCConfigurationList;
			buildConfigurations = (
				B938D058219534B7004F759E /* Debug */,
				B938D059219534B7004F759E /* Release */,
			);
			defaultConfigurationIsVisible = 0;
			defaultConfigurationName = Release;
		};
/* End XCConfigurationList section */
	};
	rootObject = B938D03B219534B7004F759E /* Project object */;
}
