// !$*UTF8*$!
{
	archiveVersion = 1;
	classes = {
	};
	objectVersion = 50;
	objects = {

/* Begin PBXBuildFile section */
		B92627DF219B476200D1358A /* CoreGraphics.framework in Frameworks */ = {isa = PBXBuildFile; fileRef = B92627DE219B476200D1358A /* CoreGraphics.framework */; };
		B92627E0219B477400D1358A /* CoreGraphics.framework in Resources */ = {isa = PBXBuildFile; fileRef = B92627DE219B476200D1358A /* CoreGraphics.framework */; };
		B92627E2219B47CB00D1358A /* CoreVideo.framework in Frameworks */ = {isa = PBXBuildFile; fileRef = B92627E1219B47CA00D1358A /* CoreVideo.framework */; };
		B92627E3219B47D500D1358A /* CoreVideo.framework in Resources */ = {isa = PBXBuildFile; fileRef = B92627E1219B47CA00D1358A /* CoreVideo.framework */; };
		B92627E5219B481700D1358A /* IOKit.framework in Frameworks */ = {isa = PBXBuildFile; fileRef = B92627E4219B481700D1358A /* IOKit.framework */; };
		B92627E6219B481F00D1358A /* IOKit.framework in Resources */ = {isa = PBXBuildFile; fileRef = B92627E4219B481700D1358A /* IOKit.framework */; };
		B92627E8219B48D700D1358A /* AppKit.framework in Frameworks */ = {isa = PBXBuildFile; fileRef = B92627E7219B48D700D1358A /* AppKit.framework */; };
		B92627E9219B48E000D1358A /* AppKit.framework in Resources */ = {isa = PBXBuildFile; fileRef = B92627E7219B48D700D1358A /* AppKit.framework */; };
		B92627EC219C0CE900D1358A /* shaders in Resources */ = {isa = PBXBuildFile; fileRef = B92627EB219C0CE900D1358A /* shaders */; };
		B9384E75220171E500565024 /* main.mm in Sources */ = {isa = PBXBuildFile; fileRef = B9384E74220171E400565024 /* main.mm */; };
		B938D04D219534B7004F759E /* Assets.xcassets in Resources */ = {isa = PBXBuildFile; fileRef = B938D04C219534B7004F759E /* Assets.xcassets */; };
		B938D05E21953DE7004F759E /* MoltenVKGLSLToSPIRVConverter.framework in Frameworks */ = {isa = PBXBuildFile; fileRef = B938D05D21953DE7004F759E /* MoltenVKGLSLToSPIRVConverter.framework */; };
		B938D06121953E0A004F759E /* MoltenVKGLSLToSPIRVConverter.framework in Resources */ = {isa = PBXBuildFile; fileRef = B938D05D21953DE7004F759E /* MoltenVKGLSLToSPIRVConverter.framework */; };
		B93FDCA623036C29000AECBE /* texture_3d.cpp in Sources */ = {isa = PBXBuildFile; fileRef = B93FDCA223036C29000AECBE /* texture_3d.cpp */; };
		B93FDCA723036C29000AECBE /* texture_2d.cpp in Sources */ = {isa = PBXBuildFile; fileRef = B93FDCA323036C29000AECBE /* texture_2d.cpp */; };
		B93FDCAE23036D70000AECBE /* swapchain_image_set.cpp in Sources */ = {isa = PBXBuildFile; fileRef = B93FDCA923036D70000AECBE /* swapchain_image_set.cpp */; };
		B93FDCAF23036D70000AECBE /* image.cpp in Sources */ = {isa = PBXBuildFile; fileRef = B93FDCAA23036D70000AECBE /* image.cpp */; };
		B93FDCB023036D70000AECBE /* render_texture.cpp in Sources */ = {isa = PBXBuildFile; fileRef = B93FDCAD23036D70000AECBE /* render_texture.cpp */; };
		B93FDCB323036DDE000AECBE /* depth_image.cpp in Sources */ = {isa = PBXBuildFile; fileRef = B93FDCB123036DDE000AECBE /* depth_image.cpp */; };
		B93FDCBD23036EB0000AECBE /* material_store.cpp in Sources */ = {isa = PBXBuildFile; fileRef = B93FDCB723036EB0000AECBE /* material_store.cpp */; };
		B93FDCBE23036EB0000AECBE /* compute_material.cpp in Sources */ = {isa = PBXBuildFile; fileRef = B93FDCB823036EB0000AECBE /* compute_material.cpp */; };
		B93FDCBF23036EB0000AECBE /* material_base.cpp in Sources */ = {isa = PBXBuildFile; fileRef = B93FDCBA23036EB0000AECBE /* material_base.cpp */; };
		B93FDCC023036EB0000AECBE /* visual_material.cpp in Sources */ = {isa = PBXBuildFile; fileRef = B93FDCBB23036EB0000AECBE /* visual_material.cpp */; };
		B93FDCC723036F60000AECBE /* graphics_pipeline.cpp in Sources */ = {isa = PBXBuildFile; fileRef = B93FDCC223036F60000AECBE /* graphics_pipeline.cpp */; };
		B93FDCC823036F60000AECBE /* compute_pipeline.cpp in Sources */ = {isa = PBXBuildFile; fileRef = B93FDCC523036F60000AECBE /* compute_pipeline.cpp */; };
		B93FDCCC23036FD1000AECBE /* mesh.cpp in Sources */ = {isa = PBXBuildFile; fileRef = B93FDCCA23036FD1000AECBE /* mesh.cpp */; };
		B93FDCD923037064000AECBE /* resource.cpp in Sources */ = {isa = PBXBuildFile; fileRef = B93FDCD023037064000AECBE /* resource.cpp */; };
		B93FDCDA23037064000AECBE /* object.cpp in Sources */ = {isa = PBXBuildFile; fileRef = B93FDCD123037064000AECBE /* object.cpp */; };
		B93FDCDB23037064000AECBE /* device.cpp in Sources */ = {isa = PBXBuildFile; fileRef = B93FDCD323037064000AECBE /* device.cpp */; };
		B93FDCDC23037064000AECBE /* shader.cpp in Sources */ = {isa = PBXBuildFile; fileRef = B93FDCD423037064000AECBE /* shader.cpp */; };
		B93FDCDD23037064000AECBE /* swapchain.cpp in Sources */ = {isa = PBXBuildFile; fileRef = B93FDCD523037064000AECBE /* swapchain.cpp */; };
		B93FDCE32303709B000AECBE /* display_plane.cpp in Sources */ = {isa = PBXBuildFile; fileRef = B93FDCE02303709B000AECBE /* display_plane.cpp */; };
		B96AB61D22EE5C4000F33807 /* transform.h in Sources */ = {isa = PBXBuildFile; fileRef = B96AB61C22EE5C4000F33807 /* transform.h */; };
		B96AB61F22EE5E5000F33807 /* transform.cpp in Sources */ = {isa = PBXBuildFile; fileRef = B96AB61E22EE5E5000F33807 /* transform.cpp */; };
		B96B782021E070DD0089A2F7 /* textures in Resources */ = {isa = PBXBuildFile; fileRef = B96B781F21E070DC0089A2F7 /* textures */; };
		B976F9BA222A723200CD2F78 /* libMoltenVK.dylib in Resources */ = {isa = PBXBuildFile; fileRef = B976F9B9222A723200CD2F78 /* libMoltenVK.dylib */; };
		B976F9BB222A731800CD2F78 /* libMoltenVK.dylib in Frameworks */ = {isa = PBXBuildFile; fileRef = B976F9B9222A723200CD2F78 /* libMoltenVK.dylib */; };
		B978316222E541B000E5DE71 /* camera.cpp in Sources */ = {isa = PBXBuildFile; fileRef = B978316022E541AF00E5DE71 /* camera.cpp */; };
		B978316522E5435600E5DE71 /* orthographic_camera.cpp in Sources */ = {isa = PBXBuildFile; fileRef = B978316322E5435600E5DE71 /* orthographic_camera.cpp */; };
		B978316822E5480700E5DE71 /* perspective_camera.cpp in Sources */ = {isa = PBXBuildFile; fileRef = B978316622E5480700E5DE71 /* perspective_camera.cpp */; };
		B978317022E54DEC00E5DE71 /* first_person_controller.cpp in Sources */ = {isa = PBXBuildFile; fileRef = B978316F22E54DEC00E5DE71 /* first_person_controller.cpp */; };
		B9CD5A472202CB01006D4C39 /* models in Resources */ = {isa = PBXBuildFile; fileRef = B9CD5A462202CB01006D4C39 /* models */; };
		B9F4EFF622FD2CE20058B38E /* obj_shape.cpp in Sources */ = {isa = PBXBuildFile; fileRef = B9F4EFF422FD2CE20058B38E /* obj_shape.cpp */; };
		B9F4EFF922FE084E0058B38E /* screen_plane.cpp in Sources */ = {isa = PBXBuildFile; fileRef = B9F4EFF722FE084E0058B38E /* screen_plane.cpp */; };
		B9F4EFFC22FE1F380058B38E /* cornell_box.cpp in Sources */ = {isa = PBXBuildFile; fileRef = B9F4EFFA22FE1F370058B38E /* cornell_box.cpp */; };
		B9F4F00E230369620058B38E /* renderer.cpp in Sources */ = {isa = PBXBuildFile; fileRef = B9F4F00D230369610058B38E /* renderer.cpp */; };
		B9F4F011230369A10058B38E /* display_2d_texture_renderer.cpp in Sources */ = {isa = PBXBuildFile; fileRef = B9F4F00F230369A10058B38E /* display_2d_texture_renderer.cpp */; };
		B9F4F014230369D20058B38E /* deferred_renderer.cpp in Sources */ = {isa = PBXBuildFile; fileRef = B9F4F012230369D20058B38E /* deferred_renderer.cpp */; };
/* End PBXBuildFile section */

/* Begin PBXFileReference section */
		B92627DE219B476200D1358A /* CoreGraphics.framework */ = {isa = PBXFileReference; lastKnownFileType = wrapper.framework; name = CoreGraphics.framework; path = System/Library/Frameworks/CoreGraphics.framework; sourceTree = SDKROOT; };
		B92627E1219B47CA00D1358A /* CoreVideo.framework */ = {isa = PBXFileReference; lastKnownFileType = wrapper.framework; name = CoreVideo.framework; path = System/Library/Frameworks/CoreVideo.framework; sourceTree = SDKROOT; };
		B92627E4219B481700D1358A /* IOKit.framework */ = {isa = PBXFileReference; lastKnownFileType = wrapper.framework; name = IOKit.framework; path = System/Library/Frameworks/IOKit.framework; sourceTree = SDKROOT; };
		B92627E7219B48D700D1358A /* AppKit.framework */ = {isa = PBXFileReference; lastKnownFileType = wrapper.framework; name = AppKit.framework; path = System/Library/Frameworks/AppKit.framework; sourceTree = SDKROOT; };
		B92627EB219C0CE900D1358A /* shaders */ = {isa = PBXFileReference; lastKnownFileType = folder; name = shaders; path = "vulkan-gui-test/shaders"; sourceTree = "<group>"; };
		B9384E74220171E400565024 /* main.mm */ = {isa = PBXFileReference; fileEncoding = 4; lastKnownFileType = sourcecode.cpp.objcpp; path = main.mm; sourceTree = "<group>"; };
		B938D043219534B7004F759E /* vulkan-gui-test.app */ = {isa = PBXFileReference; explicitFileType = wrapper.application; includeInIndex = 0; path = "vulkan-gui-test.app"; sourceTree = BUILT_PRODUCTS_DIR; };
		B938D04C219534B7004F759E /* Assets.xcassets */ = {isa = PBXFileReference; lastKnownFileType = folder.assetcatalog; path = Assets.xcassets; sourceTree = "<group>"; };
		B938D051219534B7004F759E /* Info.plist */ = {isa = PBXFileReference; lastKnownFileType = text.plist.xml; path = Info.plist; sourceTree = "<group>"; };
		B938D054219534B7004F759E /* vulkan_gui_test.entitlements */ = {isa = PBXFileReference; lastKnownFileType = text.plist.entitlements; path = vulkan_gui_test.entitlements; sourceTree = "<group>"; };
		B938D05B21953D35004F759E /* vulkan.framework */ = {isa = PBXFileReference; lastKnownFileType = wrapper.framework; name = vulkan.framework; path = "vulkan-gui-test/vulkansdk-macos-1.1.85.0/macOS/Frameworks/vulkan.framework"; sourceTree = "<group>"; };
		B938D05D21953DE7004F759E /* MoltenVKGLSLToSPIRVConverter.framework */ = {isa = PBXFileReference; lastKnownFileType = wrapper.framework; name = MoltenVKGLSLToSPIRVConverter.framework; path = "vulkan-gui-test/vulkansdk-macos-1.1.85.0/macOS/Frameworks/MoltenVKGLSLToSPIRVConverter.framework"; sourceTree = "<group>"; };
		B938D06B21953FC0004F759E /* macOS */ = {isa = PBXFileReference; fileEncoding = 4; lastKnownFileType = text; path = macOS; sourceTree = "<group>"; };
		B938D06C21953FC0004F759E /* GLSLConversion.h */ = {isa = PBXFileReference; fileEncoding = 4; lastKnownFileType = sourcecode.c.h; path = GLSLConversion.h; sourceTree = "<group>"; };
		B938D06F21953FC0004F759E /* iOS */ = {isa = PBXFileReference; fileEncoding = 4; lastKnownFileType = text; path = iOS; sourceTree = "<group>"; };
		B938D07021953FC0004F759E /* GLSLToSPIRVConverter.h */ = {isa = PBXFileReference; fileEncoding = 4; lastKnownFileType = sourcecode.c.h; path = GLSLToSPIRVConverter.h; sourceTree = "<group>"; };
		B938D1E621954FBA004F759E /* MoltenVK.framework */ = {isa = PBXFileReference; lastKnownFileType = wrapper.framework; name = MoltenVK.framework; path = "vulkan-gui-test/vulkansdk-macos-1.1.85.0/MoltenVK/macOS/MoltenVK.framework"; sourceTree = "<group>"; };
		B93FDCA223036C29000AECBE /* texture_3d.cpp */ = {isa = PBXFileReference; fileEncoding = 4; lastKnownFileType = sourcecode.cpp.cpp; path = texture_3d.cpp; sourceTree = "<group>"; };
		B93FDCA323036C29000AECBE /* texture_2d.cpp */ = {isa = PBXFileReference; fileEncoding = 4; lastKnownFileType = sourcecode.cpp.cpp; path = texture_2d.cpp; sourceTree = "<group>"; };
		B93FDCA423036C29000AECBE /* texture_3d.h */ = {isa = PBXFileReference; fileEncoding = 4; lastKnownFileType = sourcecode.c.h; path = texture_3d.h; sourceTree = "<group>"; };
		B93FDCA523036C29000AECBE /* texture_2d.h */ = {isa = PBXFileReference; fileEncoding = 4; lastKnownFileType = sourcecode.c.h; path = texture_2d.h; sourceTree = "<group>"; };
		B93FDCA823036D70000AECBE /* render_texture.h */ = {isa = PBXFileReference; fileEncoding = 4; lastKnownFileType = sourcecode.c.h; path = render_texture.h; sourceTree = "<group>"; };
		B93FDCA923036D70000AECBE /* swapchain_image_set.cpp */ = {isa = PBXFileReference; fileEncoding = 4; lastKnownFileType = sourcecode.cpp.cpp; path = swapchain_image_set.cpp; sourceTree = "<group>"; };
		B93FDCAA23036D70000AECBE /* image.cpp */ = {isa = PBXFileReference; fileEncoding = 4; lastKnownFileType = sourcecode.cpp.cpp; path = image.cpp; sourceTree = "<group>"; };
		B93FDCAB23036D70000AECBE /* swapchain_image_set.h */ = {isa = PBXFileReference; fileEncoding = 4; lastKnownFileType = sourcecode.c.h; path = swapchain_image_set.h; sourceTree = "<group>"; };
		B93FDCAC23036D70000AECBE /* image.h */ = {isa = PBXFileReference; fileEncoding = 4; lastKnownFileType = sourcecode.c.h; path = image.h; sourceTree = "<group>"; };
		B93FDCAD23036D70000AECBE /* render_texture.cpp */ = {isa = PBXFileReference; fileEncoding = 4; lastKnownFileType = sourcecode.cpp.cpp; path = render_texture.cpp; sourceTree = "<group>"; };
		B93FDCB123036DDE000AECBE /* depth_image.cpp */ = {isa = PBXFileReference; fileEncoding = 4; lastKnownFileType = sourcecode.cpp.cpp; path = depth_image.cpp; sourceTree = "<group>"; };
		B93FDCB223036DDE000AECBE /* depth_image.h */ = {isa = PBXFileReference; fileEncoding = 4; lastKnownFileType = sourcecode.c.h; path = depth_image.h; sourceTree = "<group>"; };
		B93FDCB523036EB0000AECBE /* visual_material.h */ = {isa = PBXFileReference; fileEncoding = 4; lastKnownFileType = sourcecode.c.h; path = visual_material.h; sourceTree = "<group>"; };
		B93FDCB623036EB0000AECBE /* compute_material.h */ = {isa = PBXFileReference; fileEncoding = 4; lastKnownFileType = sourcecode.c.h; path = compute_material.h; sourceTree = "<group>"; };
		B93FDCB723036EB0000AECBE /* material_store.cpp */ = {isa = PBXFileReference; fileEncoding = 4; lastKnownFileType = sourcecode.cpp.cpp; path = material_store.cpp; sourceTree = "<group>"; };
		B93FDCB823036EB0000AECBE /* compute_material.cpp */ = {isa = PBXFileReference; fileEncoding = 4; lastKnownFileType = sourcecode.cpp.cpp; path = compute_material.cpp; sourceTree = "<group>"; };
		B93FDCB923036EB0000AECBE /* material_base.h */ = {isa = PBXFileReference; fileEncoding = 4; lastKnownFileType = sourcecode.c.h; path = material_base.h; sourceTree = "<group>"; };
		B93FDCBA23036EB0000AECBE /* material_base.cpp */ = {isa = PBXFileReference; fileEncoding = 4; lastKnownFileType = sourcecode.cpp.cpp; path = material_base.cpp; sourceTree = "<group>"; };
		B93FDCBB23036EB0000AECBE /* visual_material.cpp */ = {isa = PBXFileReference; fileEncoding = 4; lastKnownFileType = sourcecode.cpp.cpp; path = visual_material.cpp; sourceTree = "<group>"; };
		B93FDCBC23036EB0000AECBE /* material_store.h */ = {isa = PBXFileReference; fileEncoding = 4; lastKnownFileType = sourcecode.c.h; path = material_store.h; sourceTree = "<group>"; };
		B93FDCC223036F60000AECBE /* graphics_pipeline.cpp */ = {isa = PBXFileReference; fileEncoding = 4; lastKnownFileType = sourcecode.cpp.cpp; path = graphics_pipeline.cpp; sourceTree = "<group>"; };
		B93FDCC323036F60000AECBE /* compute_pipeline.h */ = {isa = PBXFileReference; fileEncoding = 4; lastKnownFileType = sourcecode.c.h; path = compute_pipeline.h; sourceTree = "<group>"; };
		B93FDCC423036F60000AECBE /* pipeline.h */ = {isa = PBXFileReference; fileEncoding = 4; lastKnownFileType = sourcecode.c.h; path = pipeline.h; sourceTree = "<group>"; };
		B93FDCC523036F60000AECBE /* compute_pipeline.cpp */ = {isa = PBXFileReference; fileEncoding = 4; lastKnownFileType = sourcecode.cpp.cpp; path = compute_pipeline.cpp; sourceTree = "<group>"; };
		B93FDCC623036F60000AECBE /* graphics_pipeline.h */ = {isa = PBXFileReference; fileEncoding = 4; lastKnownFileType = sourcecode.c.h; path = graphics_pipeline.h; sourceTree = "<group>"; };
		B93FDCCA23036FD1000AECBE /* mesh.cpp */ = {isa = PBXFileReference; fileEncoding = 4; lastKnownFileType = sourcecode.cpp.cpp; path = mesh.cpp; sourceTree = "<group>"; };
		B93FDCCB23036FD1000AECBE /* mesh.h */ = {isa = PBXFileReference; fileEncoding = 4; lastKnownFileType = sourcecode.c.h; path = mesh.h; sourceTree = "<group>"; };
		B93FDCCE23037064000AECBE /* device.h */ = {isa = PBXFileReference; fileEncoding = 4; lastKnownFileType = sourcecode.c.h; path = device.h; sourceTree = "<group>"; };
		B93FDCCF23037064000AECBE /* shader.h */ = {isa = PBXFileReference; fileEncoding = 4; lastKnownFileType = sourcecode.c.h; path = shader.h; sourceTree = "<group>"; };
		B93FDCD023037064000AECBE /* resource.cpp */ = {isa = PBXFileReference; fileEncoding = 4; lastKnownFileType = sourcecode.cpp.cpp; path = resource.cpp; sourceTree = "<group>"; };
		B93FDCD123037064000AECBE /* object.cpp */ = {isa = PBXFileReference; fileEncoding = 4; lastKnownFileType = sourcecode.cpp.cpp; path = object.cpp; sourceTree = "<group>"; };
		B93FDCD223037064000AECBE /* swapchain.h */ = {isa = PBXFileReference; fileEncoding = 4; lastKnownFileType = sourcecode.c.h; path = swapchain.h; sourceTree = "<group>"; };
		B93FDCD323037064000AECBE /* device.cpp */ = {isa = PBXFileReference; fileEncoding = 4; lastKnownFileType = sourcecode.cpp.cpp; path = device.cpp; sourceTree = "<group>"; };
		B93FDCD423037064000AECBE /* shader.cpp */ = {isa = PBXFileReference; fileEncoding = 4; lastKnownFileType = sourcecode.cpp.cpp; path = shader.cpp; sourceTree = "<group>"; };
		B93FDCD523037064000AECBE /* swapchain.cpp */ = {isa = PBXFileReference; fileEncoding = 4; lastKnownFileType = sourcecode.cpp.cpp; path = swapchain.cpp; sourceTree = "<group>"; };
		B93FDCD623037064000AECBE /* resource.h */ = {isa = PBXFileReference; fileEncoding = 4; lastKnownFileType = sourcecode.c.h; path = resource.h; sourceTree = "<group>"; };
		B93FDCD723037064000AECBE /* object.h */ = {isa = PBXFileReference; fileEncoding = 4; lastKnownFileType = sourcecode.c.h; path = object.h; sourceTree = "<group>"; };
		B93FDCD823037064000AECBE /* shader_parameter.h */ = {isa = PBXFileReference; fileEncoding = 4; lastKnownFileType = sourcecode.c.h; path = shader_parameter.h; sourceTree = "<group>"; };
		B93FDCDE23037085000AECBE /* shape.h */ = {isa = PBXFileReference; fileEncoding = 4; lastKnownFileType = sourcecode.c.h; path = shape.h; sourceTree = "<group>"; };
		B93FDCDF2303709B000AECBE /* vertex.h */ = {isa = PBXFileReference; fileEncoding = 4; lastKnownFileType = sourcecode.c.h; path = vertex.h; sourceTree = "<group>"; };
		B93FDCE02303709B000AECBE /* display_plane.cpp */ = {isa = PBXFileReference; fileEncoding = 4; lastKnownFileType = sourcecode.cpp.cpp; path = display_plane.cpp; sourceTree = "<group>"; };
		B93FDCE12303709B000AECBE /* display_plane.h */ = {isa = PBXFileReference; fileEncoding = 4; lastKnownFileType = sourcecode.c.h; path = display_plane.h; sourceTree = "<group>"; };
		B93FDCE22303709B000AECBE /* vertex.hpp */ = {isa = PBXFileReference; fileEncoding = 4; lastKnownFileType = sourcecode.cpp.h; path = vertex.hpp; sourceTree = "<group>"; };
		B94CEB982248243F001AEDEE /* tiny_obj_loader.h */ = {isa = PBXFileReference; fileEncoding = 4; lastKnownFileType = sourcecode.c.h; path = tiny_obj_loader.h; sourceTree = "<group>"; };
		B94CEB9922482516001AEDEE /* stb_image.h */ = {isa = PBXFileReference; fileEncoding = 4; lastKnownFileType = sourcecode.c.h; path = stb_image.h; sourceTree = "<group>"; };
		B94E29512218DB48005859E8 /* ordered_set.h */ = {isa = PBXFileReference; fileEncoding = 4; lastKnownFileType = sourcecode.c.h; path = ordered_set.h; sourceTree = "<group>"; };
		B94E29522218DB48005859E8 /* ordered_hash.h */ = {isa = PBXFileReference; fileEncoding = 4; lastKnownFileType = sourcecode.c.h; path = ordered_hash.h; sourceTree = "<group>"; };
		B94E29532218DB48005859E8 /* ordered_map.h */ = {isa = PBXFileReference; fileEncoding = 4; lastKnownFileType = sourcecode.c.h; path = ordered_map.h; sourceTree = "<group>"; };
		B96AB61C22EE5C4000F33807 /* transform.h */ = {isa = PBXFileReference; lastKnownFileType = sourcecode.c.h; path = transform.h; sourceTree = "<group>"; };
		B96AB61E22EE5E5000F33807 /* transform.cpp */ = {isa = PBXFileReference; lastKnownFileType = sourcecode.cpp.cpp; path = transform.cpp; sourceTree = "<group>"; };
		B96B781F21E070DC0089A2F7 /* textures */ = {isa = PBXFileReference; lastKnownFileType = folder; name = textures; path = "vulkan-gui-test/textures"; sourceTree = "<group>"; };
		B976F9B9222A723200CD2F78 /* libMoltenVK.dylib */ = {isa = PBXFileReference; lastKnownFileType = "compiled.mach-o.dylib"; name = libMoltenVK.dylib; path = "vulkan-gui-test/vulkansdk-macos-1.1.85.0/MoltenVK/macOS/libMoltenVK.dylib"; sourceTree = "<group>"; };
		B978316022E541AF00E5DE71 /* camera.cpp */ = {isa = PBXFileReference; fileEncoding = 4; lastKnownFileType = sourcecode.cpp.cpp; path = camera.cpp; sourceTree = "<group>"; };
		B978316122E541AF00E5DE71 /* camera.h */ = {isa = PBXFileReference; fileEncoding = 4; lastKnownFileType = sourcecode.c.h; path = camera.h; sourceTree = "<group>"; };
		B978316322E5435600E5DE71 /* orthographic_camera.cpp */ = {isa = PBXFileReference; lastKnownFileType = sourcecode.cpp.cpp; path = orthographic_camera.cpp; sourceTree = "<group>"; };
		B978316422E5435600E5DE71 /* orthographic_camera.h */ = {isa = PBXFileReference; lastKnownFileType = sourcecode.c.h; path = orthographic_camera.h; sourceTree = "<group>"; };
		B978316622E5480700E5DE71 /* perspective_camera.cpp */ = {isa = PBXFileReference; lastKnownFileType = sourcecode.cpp.cpp; path = perspective_camera.cpp; sourceTree = "<group>"; };
		B978316722E5480700E5DE71 /* perspective_camera.h */ = {isa = PBXFileReference; lastKnownFileType = sourcecode.c.h; path = perspective_camera.h; sourceTree = "<group>"; };
		B978316E22E54DEC00E5DE71 /* first_person_controller.h */ = {isa = PBXFileReference; fileEncoding = 4; lastKnownFileType = sourcecode.c.h; path = first_person_controller.h; sourceTree = "<group>"; };
		B978316F22E54DEC00E5DE71 /* first_person_controller.cpp */ = {isa = PBXFileReference; fileEncoding = 4; lastKnownFileType = sourcecode.cpp.cpp; path = first_person_controller.cpp; sourceTree = "<group>"; };
		B9CD5A462202CB01006D4C39 /* models */ = {isa = PBXFileReference; lastKnownFileType = folder; name = models; path = "vulkan-gui-test/models"; sourceTree = "<group>"; };
		B9DC35FA219574C2007B4FD8 /* vk_layer.h */ = {isa = PBXFileReference; fileEncoding = 4; lastKnownFileType = sourcecode.c.h; path = vk_layer.h; sourceTree = "<group>"; };
		B9DC35FB219574C2007B4FD8 /* vk_icd.h */ = {isa = PBXFileReference; fileEncoding = 4; lastKnownFileType = sourcecode.c.h; path = vk_icd.h; sourceTree = "<group>"; };
		B9DC35FC219574C2007B4FD8 /* vulkan_vi.h */ = {isa = PBXFileReference; fileEncoding = 4; lastKnownFileType = sourcecode.c.h; path = vulkan_vi.h; sourceTree = "<group>"; };
		B9DC35FD219574C2007B4FD8 /* vulkan.h */ = {isa = PBXFileReference; fileEncoding = 4; lastKnownFileType = sourcecode.c.h; path = vulkan.h; sourceTree = "<group>"; };
		B9DC35FE219574C2007B4FD8 /* vk_platform.h */ = {isa = PBXFileReference; fileEncoding = 4; lastKnownFileType = sourcecode.c.h; path = vk_platform.h; sourceTree = "<group>"; };
		B9DC35FF219574C2007B4FD8 /* vulkan.hpp */ = {isa = PBXFileReference; fileEncoding = 4; lastKnownFileType = sourcecode.cpp.h; path = vulkan.hpp; sourceTree = "<group>"; };
		B9DC3600219574C2007B4FD8 /* vulkan_wayland.h */ = {isa = PBXFileReference; fileEncoding = 4; lastKnownFileType = sourcecode.c.h; path = vulkan_wayland.h; sourceTree = "<group>"; };
		B9DC3601219574C2007B4FD8 /* vulkan_win32.h */ = {isa = PBXFileReference; fileEncoding = 4; lastKnownFileType = sourcecode.c.h; path = vulkan_win32.h; sourceTree = "<group>"; };
		B9DC3602219574C2007B4FD8 /* vulkan_macos.h */ = {isa = PBXFileReference; fileEncoding = 4; lastKnownFileType = sourcecode.c.h; path = vulkan_macos.h; sourceTree = "<group>"; };
		B9DC3603219574C2007B4FD8 /* vulkan_xlib_xrandr.h */ = {isa = PBXFileReference; fileEncoding = 4; lastKnownFileType = sourcecode.c.h; path = vulkan_xlib_xrandr.h; sourceTree = "<group>"; };
		B9DC3604219574C2007B4FD8 /* vulkan_xcb.h */ = {isa = PBXFileReference; fileEncoding = 4; lastKnownFileType = sourcecode.c.h; path = vulkan_xcb.h; sourceTree = "<group>"; };
		B9DC3605219574C2007B4FD8 /* vulkan_mir.h */ = {isa = PBXFileReference; fileEncoding = 4; lastKnownFileType = sourcecode.c.h; path = vulkan_mir.h; sourceTree = "<group>"; };
		B9DC3606219574C2007B4FD8 /* vulkan_xlib.h */ = {isa = PBXFileReference; fileEncoding = 4; lastKnownFileType = sourcecode.c.h; path = vulkan_xlib.h; sourceTree = "<group>"; };
		B9DC3607219574C2007B4FD8 /* vulkan_ios.h */ = {isa = PBXFileReference; fileEncoding = 4; lastKnownFileType = sourcecode.c.h; path = vulkan_ios.h; sourceTree = "<group>"; };
		B9DC3608219574C2007B4FD8 /* vulkan_core.h */ = {isa = PBXFileReference; fileEncoding = 4; lastKnownFileType = sourcecode.c.h; path = vulkan_core.h; sourceTree = "<group>"; };
		B9DC3609219574C2007B4FD8 /* vk_sdk_platform.h */ = {isa = PBXFileReference; fileEncoding = 4; lastKnownFileType = sourcecode.c.h; path = vk_sdk_platform.h; sourceTree = "<group>"; };
		B9DC360A219574C2007B4FD8 /* vulkan_android.h */ = {isa = PBXFileReference; fileEncoding = 4; lastKnownFileType = sourcecode.c.h; path = vulkan_android.h; sourceTree = "<group>"; };
		B9F4EFF422FD2CE20058B38E /* obj_shape.cpp */ = {isa = PBXFileReference; lastKnownFileType = sourcecode.cpp.cpp; path = obj_shape.cpp; sourceTree = "<group>"; };
		B9F4EFF522FD2CE20058B38E /* obj_shape.h */ = {isa = PBXFileReference; lastKnownFileType = sourcecode.c.h; path = obj_shape.h; sourceTree = "<group>"; };
		B9F4EFF722FE084E0058B38E /* screen_plane.cpp */ = {isa = PBXFileReference; lastKnownFileType = sourcecode.cpp.cpp; path = screen_plane.cpp; sourceTree = "<group>"; };
		B9F4EFF822FE084E0058B38E /* screen_plane.h */ = {isa = PBXFileReference; lastKnownFileType = sourcecode.c.h; path = screen_plane.h; sourceTree = "<group>"; };
		B9F4EFFA22FE1F370058B38E /* cornell_box.cpp */ = {isa = PBXFileReference; lastKnownFileType = sourcecode.cpp.cpp; path = cornell_box.cpp; sourceTree = "<group>"; };
		B9F4EFFB22FE1F380058B38E /* cornell_box.h */ = {isa = PBXFileReference; lastKnownFileType = sourcecode.c.h; path = cornell_box.h; sourceTree = "<group>"; };
		B9F4F00C230369610058B38E /* renderer.h */ = {isa = PBXFileReference; fileEncoding = 4; lastKnownFileType = sourcecode.c.h; path = renderer.h; sourceTree = "<group>"; };
		B9F4F00D230369610058B38E /* renderer.cpp */ = {isa = PBXFileReference; fileEncoding = 4; lastKnownFileType = sourcecode.cpp.cpp; path = renderer.cpp; sourceTree = "<group>"; };
		B9F4F00F230369A10058B38E /* display_2d_texture_renderer.cpp */ = {isa = PBXFileReference; fileEncoding = 4; lastKnownFileType = sourcecode.cpp.cpp; path = display_2d_texture_renderer.cpp; sourceTree = "<group>"; };
		B9F4F010230369A10058B38E /* display_2d_texture_renderer.h */ = {isa = PBXFileReference; fileEncoding = 4; lastKnownFileType = sourcecode.c.h; path = display_2d_texture_renderer.h; sourceTree = "<group>"; };
		B9F4F012230369D20058B38E /* deferred_renderer.cpp */ = {isa = PBXFileReference; fileEncoding = 4; lastKnownFileType = sourcecode.cpp.cpp; path = deferred_renderer.cpp; sourceTree = "<group>"; };
		B9F4F013230369D20058B38E /* deferred_renderer.h */ = {isa = PBXFileReference; fileEncoding = 4; lastKnownFileType = sourcecode.c.h; path = deferred_renderer.h; sourceTree = "<group>"; };
/* End PBXFileReference section */

/* Begin PBXFrameworksBuildPhase section */
		B938D040219534B7004F759E /* Frameworks */ = {
			isa = PBXFrameworksBuildPhase;
			buildActionMask = 2147483647;
			files = (
				B976F9BB222A731800CD2F78 /* libMoltenVK.dylib in Frameworks */,
				B92627E8219B48D700D1358A /* AppKit.framework in Frameworks */,
				B92627E5219B481700D1358A /* IOKit.framework in Frameworks */,
				B92627E2219B47CB00D1358A /* CoreVideo.framework in Frameworks */,
				B92627DF219B476200D1358A /* CoreGraphics.framework in Frameworks */,
				B938D05E21953DE7004F759E /* MoltenVKGLSLToSPIRVConverter.framework in Frameworks */,
			);
			runOnlyForDeploymentPostprocessing = 0;
		};
/* End PBXFrameworksBuildPhase section */

/* Begin PBXGroup section */
		B938D03A219534B7004F759E = {
			isa = PBXGroup;
			children = (
				B9CD5A462202CB01006D4C39 /* models */,
				B96B781F21E070DC0089A2F7 /* textures */,
				B92627EB219C0CE900D1358A /* shaders */,
				B938D045219534B7004F759E /* vulkan-gui-test */,
				B938D044219534B7004F759E /* Products */,
				B938D05A21953D34004F759E /* Frameworks */,
			);
			sourceTree = "<group>";
		};
		B938D044219534B7004F759E /* Products */ = {
			isa = PBXGroup;
			children = (
				B938D043219534B7004F759E /* vulkan-gui-test.app */,
			);
			name = Products;
			sourceTree = "<group>";
		};
		B938D045219534B7004F759E /* vulkan-gui-test */ = {
			isa = PBXGroup;
			children = (
				B978316D22E54DEC00E5DE71 /* camera_controllers */,
				B9E92BC9220D4A990060F755 /* vulkan_wrapper */,
				B9384E74220171E400565024 /* main.mm */,
				B9DC35F9219574C2007B4FD8 /* vulkan */,
				B938D06421953FC0004F759E /* utils */,
				B938D04C219534B7004F759E /* Assets.xcassets */,
				B938D051219534B7004F759E /* Info.plist */,
				B938D054219534B7004F759E /* vulkan_gui_test.entitlements */,
			);
			path = "vulkan-gui-test";
			sourceTree = "<group>";
		};
		B938D05A21953D34004F759E /* Frameworks */ = {
			isa = PBXGroup;
			children = (
				B976F9B9222A723200CD2F78 /* libMoltenVK.dylib */,
				B92627E7219B48D700D1358A /* AppKit.framework */,
				B92627E4219B481700D1358A /* IOKit.framework */,
				B92627E1219B47CA00D1358A /* CoreVideo.framework */,
				B92627DE219B476200D1358A /* CoreGraphics.framework */,
				B938D1E621954FBA004F759E /* MoltenVK.framework */,
				B938D05D21953DE7004F759E /* MoltenVKGLSLToSPIRVConverter.framework */,
				B938D05B21953D35004F759E /* vulkan.framework */,
			);
			name = Frameworks;
			sourceTree = "<group>";
		};
		B938D06421953FC0004F759E /* utils */ = {
			isa = PBXGroup;
			children = (
				B94CEB9922482516001AEDEE /* stb_image.h */,
				B94CEB982248243F001AEDEE /* tiny_obj_loader.h */,
				B94E29502218DB48005859E8 /* tsl */,
				B938D06A21953FC0004F759E /* MoltenVKGLSLToSPIRVConverter */,
			);
			path = utils;
			sourceTree = "<group>";
		};
		B938D06A21953FC0004F759E /* MoltenVKGLSLToSPIRVConverter */ = {
			isa = PBXGroup;
			children = (
				B938D06B21953FC0004F759E /* macOS */,
				B938D06C21953FC0004F759E /* GLSLConversion.h */,
				B938D06F21953FC0004F759E /* iOS */,
				B938D07021953FC0004F759E /* GLSLToSPIRVConverter.h */,
			);
			path = MoltenVKGLSLToSPIRVConverter;
			sourceTree = "<group>";
		};
		B93FDCA123036C29000AECBE /* textures */ = {
			isa = PBXGroup;
			children = (
				B93FDCB123036DDE000AECBE /* depth_image.cpp */,
				B93FDCB223036DDE000AECBE /* depth_image.h */,
				B93FDCAA23036D70000AECBE /* image.cpp */,
				B93FDCAC23036D70000AECBE /* image.h */,
				B93FDCAD23036D70000AECBE /* render_texture.cpp */,
				B93FDCA823036D70000AECBE /* render_texture.h */,
				B93FDCA923036D70000AECBE /* swapchain_image_set.cpp */,
				B93FDCAB23036D70000AECBE /* swapchain_image_set.h */,
				B93FDCA223036C29000AECBE /* texture_3d.cpp */,
				B93FDCA323036C29000AECBE /* texture_2d.cpp */,
				B93FDCA423036C29000AECBE /* texture_3d.h */,
				B93FDCA523036C29000AECBE /* texture_2d.h */,
			);
			path = textures;
			sourceTree = "<group>";
		};
		B93FDCB423036EB0000AECBE /* materials */ = {
			isa = PBXGroup;
			children = (
				B93FDCB523036EB0000AECBE /* visual_material.h */,
				B93FDCB623036EB0000AECBE /* compute_material.h */,
				B93FDCB723036EB0000AECBE /* material_store.cpp */,
				B93FDCB823036EB0000AECBE /* compute_material.cpp */,
				B93FDCB923036EB0000AECBE /* material_base.h */,
				B93FDCBA23036EB0000AECBE /* material_base.cpp */,
				B93FDCBB23036EB0000AECBE /* visual_material.cpp */,
				B93FDCBC23036EB0000AECBE /* material_store.h */,
			);
			path = materials;
			sourceTree = "<group>";
		};
		B93FDCC123036F60000AECBE /* pipelines */ = {
			isa = PBXGroup;
			children = (
				B93FDCC223036F60000AECBE /* graphics_pipeline.cpp */,
				B93FDCC323036F60000AECBE /* compute_pipeline.h */,
				B93FDCC423036F60000AECBE /* pipeline.h */,
				B93FDCC523036F60000AECBE /* compute_pipeline.cpp */,
				B93FDCC623036F60000AECBE /* graphics_pipeline.h */,
			);
			path = pipelines;
			sourceTree = "<group>";
		};
		B93FDCC923036FD1000AECBE /* meshes */ = {
			isa = PBXGroup;
			children = (
				B93FDCE02303709B000AECBE /* display_plane.cpp */,
				B93FDCE12303709B000AECBE /* display_plane.h */,
				B93FDCDF2303709B000AECBE /* vertex.h */,
				B93FDCE22303709B000AECBE /* vertex.hpp */,
				B93FDCCA23036FD1000AECBE /* mesh.cpp */,
				B93FDCCB23036FD1000AECBE /* mesh.h */,
			);
			path = meshes;
			sourceTree = "<group>";
		};
		B93FDCCD23037064000AECBE /* core */ = {
			isa = PBXGroup;
			children = (
				B93FDCD323037064000AECBE /* device.cpp */,
				B93FDCCE23037064000AECBE /* device.h */,
				B93FDCD123037064000AECBE /* object.cpp */,
				B93FDCD723037064000AECBE /* object.h */,
				B93FDCD023037064000AECBE /* resource.cpp */,
				B93FDCD623037064000AECBE /* resource.h */,
				B93FDCD823037064000AECBE /* shader_parameter.h */,
				B93FDCD423037064000AECBE /* shader.cpp */,
				B93FDCCF23037064000AECBE /* shader.h */,
				B93FDCD523037064000AECBE /* swapchain.cpp */,
				B93FDCD223037064000AECBE /* swapchain.h */,
			);
			path = core;
			sourceTree = "<group>";
		};
		B94E29502218DB48005859E8 /* tsl */ = {
			isa = PBXGroup;
			children = (
				B94E29512218DB48005859E8 /* ordered_set.h */,
				B94E29522218DB48005859E8 /* ordered_hash.h */,
				B94E29532218DB48005859E8 /* ordered_map.h */,
			);
			path = tsl;
			sourceTree = "<group>";
		};
		B96AB61B22EE5BBA00F33807 /* shapes */ = {
			isa = PBXGroup;
			children = (
				B9F4EFFA22FE1F370058B38E /* cornell_box.cpp */,
				B9F4EFFB22FE1F380058B38E /* cornell_box.h */,
				B93FDCC923036FD1000AECBE /* meshes */,
				B9F4EFF422FD2CE20058B38E /* obj_shape.cpp */,
				B9F4EFF522FD2CE20058B38E /* obj_shape.h */,
				B9F4EFF722FE084E0058B38E /* screen_plane.cpp */,
				B9F4EFF822FE084E0058B38E /* screen_plane.h */,
				B93FDCDE23037085000AECBE /* shape.h */,
				B96AB61E22EE5E5000F33807 /* transform.cpp */,
				B96AB61C22EE5C4000F33807 /* transform.h */,
			);
			path = shapes;
			sourceTree = "<group>";
		};
		B978315F22E541AF00E5DE71 /* cameras */ = {
			isa = PBXGroup;
			children = (
				B978316022E541AF00E5DE71 /* camera.cpp */,
				B978316122E541AF00E5DE71 /* camera.h */,
				B978316322E5435600E5DE71 /* orthographic_camera.cpp */,
				B978316422E5435600E5DE71 /* orthographic_camera.h */,
				B978316622E5480700E5DE71 /* perspective_camera.cpp */,
				B978316722E5480700E5DE71 /* perspective_camera.h */,
			);
			path = cameras;
			sourceTree = "<group>";
		};
		B978316D22E54DEC00E5DE71 /* camera_controllers */ = {
			isa = PBXGroup;
			children = (
				B978316E22E54DEC00E5DE71 /* first_person_controller.h */,
				B978316F22E54DEC00E5DE71 /* first_person_controller.cpp */,
			);
			path = camera_controllers;
			sourceTree = "<group>";
		};
		B9DC35F9219574C2007B4FD8 /* vulkan */ = {
			isa = PBXGroup;
			children = (
				B9DC35FA219574C2007B4FD8 /* vk_layer.h */,
				B9DC35FB219574C2007B4FD8 /* vk_icd.h */,
				B9DC35FC219574C2007B4FD8 /* vulkan_vi.h */,
				B9DC35FD219574C2007B4FD8 /* vulkan.h */,
				B9DC35FE219574C2007B4FD8 /* vk_platform.h */,
				B9DC35FF219574C2007B4FD8 /* vulkan.hpp */,
				B9DC3600219574C2007B4FD8 /* vulkan_wayland.h */,
				B9DC3601219574C2007B4FD8 /* vulkan_win32.h */,
				B9DC3602219574C2007B4FD8 /* vulkan_macos.h */,
				B9DC3603219574C2007B4FD8 /* vulkan_xlib_xrandr.h */,
				B9DC3604219574C2007B4FD8 /* vulkan_xcb.h */,
				B9DC3605219574C2007B4FD8 /* vulkan_mir.h */,
				B9DC3606219574C2007B4FD8 /* vulkan_xlib.h */,
				B9DC3607219574C2007B4FD8 /* vulkan_ios.h */,
				B9DC3608219574C2007B4FD8 /* vulkan_core.h */,
				B9DC3609219574C2007B4FD8 /* vk_sdk_platform.h */,
				B9DC360A219574C2007B4FD8 /* vulkan_android.h */,
			);
			name = vulkan;
			path = "vulkansdk-macos-1.1.85.0/MoltenVK/include/vulkan";
			sourceTree = "<group>";
		};
		B9E92BC9220D4A990060F755 /* vulkan_wrapper */ = {
			isa = PBXGroup;
			children = (
				B93FDCCD23037064000AECBE /* core */,
				B93FDCC123036F60000AECBE /* pipelines */,
				B93FDCB423036EB0000AECBE /* materials */,
				B93FDCA123036C29000AECBE /* textures */,
				B9F4F00B230369610058B38E /* renderers */,
				B978315F22E541AF00E5DE71 /* cameras */,
				B96AB61B22EE5BBA00F33807 /* shapes */,
			);
			path = vulkan_wrapper;
			sourceTree = "<group>";
		};
		B9F4F00B230369610058B38E /* renderers */ = {
			isa = PBXGroup;
			children = (
				B9F4F012230369D20058B38E /* deferred_renderer.cpp */,
				B9F4F013230369D20058B38E /* deferred_renderer.h */,
				B9F4F00F230369A10058B38E /* display_2d_texture_renderer.cpp */,
				B9F4F010230369A10058B38E /* display_2d_texture_renderer.h */,
				B9F4F00C230369610058B38E /* renderer.h */,
				B9F4F00D230369610058B38E /* renderer.cpp */,
			);
			path = renderers;
			sourceTree = "<group>";
		};
/* End PBXGroup section */

/* Begin PBXNativeTarget section */
		B938D042219534B7004F759E /* vulkan-gui-test */ = {
			isa = PBXNativeTarget;
			buildConfigurationList = B938D057219534B7004F759E /* Build configuration list for PBXNativeTarget "vulkan-gui-test" */;
			buildPhases = (
				B938D03F219534B7004F759E /* Sources */,
				B938D040219534B7004F759E /* Frameworks */,
				B938D041219534B7004F759E /* Resources */,
			);
			buildRules = (
			);
			dependencies = (
			);
			name = "vulkan-gui-test";
			productName = "vulkan-gui-test";
			productReference = B938D043219534B7004F759E /* vulkan-gui-test.app */;
			productType = "com.apple.product-type.application";
		};
/* End PBXNativeTarget section */

/* Begin PBXProject section */
		B938D03B219534B7004F759E /* Project object */ = {
			isa = PBXProject;
			attributes = {
				LastUpgradeCheck = 1010;
				ORGANIZATIONNAME = "Rafael Sabino";
				TargetAttributes = {
					B938D042219534B7004F759E = {
						CreatedOnToolsVersion = 10.1;
					};
				};
			};
			buildConfigurationList = B938D03E219534B7004F759E /* Build configuration list for PBXProject "vulkan-gui-test" */;
			compatibilityVersion = "Xcode 9.3";
			developmentRegion = en;
			hasScannedForEncodings = 0;
			knownRegions = (
				en,
				Base,
			);
			mainGroup = B938D03A219534B7004F759E;
			productRefGroup = B938D044219534B7004F759E /* Products */;
			projectDirPath = "";
			projectRoot = "";
			targets = (
				B938D042219534B7004F759E /* vulkan-gui-test */,
			);
		};
/* End PBXProject section */

/* Begin PBXResourcesBuildPhase section */
		B938D041219534B7004F759E /* Resources */ = {
			isa = PBXResourcesBuildPhase;
			buildActionMask = 2147483647;
			files = (
				B976F9BA222A723200CD2F78 /* libMoltenVK.dylib in Resources */,
				B9CD5A472202CB01006D4C39 /* models in Resources */,
				B92627E9219B48E000D1358A /* AppKit.framework in Resources */,
				B92627EC219C0CE900D1358A /* shaders in Resources */,
				B96B782021E070DD0089A2F7 /* textures in Resources */,
				B92627E6219B481F00D1358A /* IOKit.framework in Resources */,
				B92627E3219B47D500D1358A /* CoreVideo.framework in Resources */,
				B92627E0219B477400D1358A /* CoreGraphics.framework in Resources */,
				B938D06121953E0A004F759E /* MoltenVKGLSLToSPIRVConverter.framework in Resources */,
				B938D04D219534B7004F759E /* Assets.xcassets in Resources */,
			);
			runOnlyForDeploymentPostprocessing = 0;
		};
/* End PBXResourcesBuildPhase section */

/* Begin PBXSourcesBuildPhase section */
		B938D03F219534B7004F759E /* Sources */ = {
			isa = PBXSourcesBuildPhase;
			buildActionMask = 2147483647;
			files = (
				B93FDCDD23037064000AECBE /* swapchain.cpp in Sources */,
				B93FDCDC23037064000AECBE /* shader.cpp in Sources */,
				B93FDCA623036C29000AECBE /* texture_3d.cpp in Sources */,
				B9F4F011230369A10058B38E /* display_2d_texture_renderer.cpp in Sources */,
				B978317022E54DEC00E5DE71 /* first_person_controller.cpp in Sources */,
				B9F4EFF922FE084E0058B38E /* screen_plane.cpp in Sources */,
				B93FDCDB23037064000AECBE /* device.cpp in Sources */,
				B93FDCE32303709B000AECBE /* display_plane.cpp in Sources */,
				B978316222E541B000E5DE71 /* camera.cpp in Sources */,
				B93FDCCC23036FD1000AECBE /* mesh.cpp in Sources */,
				B93FDCC723036F60000AECBE /* graphics_pipeline.cpp in Sources */,
				B93FDCC023036EB0000AECBE /* visual_material.cpp in Sources */,
				B93FDCA723036C29000AECBE /* texture_2d.cpp in Sources */,
				B978316822E5480700E5DE71 /* perspective_camera.cpp in Sources */,
				B93FDCBD23036EB0000AECBE /* material_store.cpp in Sources */,
				B978316522E5435600E5DE71 /* orthographic_camera.cpp in Sources */,
				B9384E75220171E500565024 /* main.mm in Sources */,
				B9F4F00E230369620058B38E /* renderer.cpp in Sources */,
				B93FDCDA23037064000AECBE /* object.cpp in Sources */,
				B93FDCBE23036EB0000AECBE /* compute_material.cpp in Sources */,
				B96AB61D22EE5C4000F33807 /* transform.h in Sources */,
				B93FDCB323036DDE000AECBE /* depth_image.cpp in Sources */,
				B93FDCD923037064000AECBE /* resource.cpp in Sources */,
				B93FDCBF23036EB0000AECBE /* material_base.cpp in Sources */,
				B93FDCC823036F60000AECBE /* compute_pipeline.cpp in Sources */,
				B9F4EFFC22FE1F380058B38E /* cornell_box.cpp in Sources */,
				B93FDCB023036D70000AECBE /* render_texture.cpp in Sources */,
				B96AB61F22EE5E5000F33807 /* transform.cpp in Sources */,
				B9F4EFF622FD2CE20058B38E /* obj_shape.cpp in Sources */,
				B93FDCAF23036D70000AECBE /* image.cpp in Sources */,
				B93FDCAE23036D70000AECBE /* swapchain_image_set.cpp in Sources */,
				B9F4F014230369D20058B38E /* deferred_renderer.cpp in Sources */,
			);
			runOnlyForDeploymentPostprocessing = 0;
		};
/* End PBXSourcesBuildPhase section */

/* Begin XCBuildConfiguration section */
		B938D055219534B7004F759E /* Debug */ = {
			isa = XCBuildConfiguration;
			buildSettings = {
				ALWAYS_SEARCH_USER_PATHS = NO;
				CLANG_ANALYZER_NONNULL = YES;
				CLANG_ANALYZER_NUMBER_OBJECT_CONVERSION = YES_AGGRESSIVE;
				CLANG_CXX_LANGUAGE_STANDARD = "gnu++17";
				CLANG_CXX_LIBRARY = "libc++";
				CLANG_ENABLE_MODULES = YES;
				CLANG_ENABLE_OBJC_ARC = YES;
				CLANG_ENABLE_OBJC_WEAK = YES;
				CLANG_WARN_BLOCK_CAPTURE_AUTORELEASING = YES;
				CLANG_WARN_BOOL_CONVERSION = YES;
				CLANG_WARN_COMMA = YES;
				CLANG_WARN_CONSTANT_CONVERSION = YES;
				CLANG_WARN_DEPRECATED_OBJC_IMPLEMENTATIONS = YES;
				CLANG_WARN_DIRECT_OBJC_ISA_USAGE = YES_ERROR;
				CLANG_WARN_DOCUMENTATION_COMMENTS = YES;
				CLANG_WARN_EMPTY_BODY = YES;
				CLANG_WARN_ENUM_CONVERSION = YES;
				CLANG_WARN_INFINITE_RECURSION = YES;
				CLANG_WARN_INT_CONVERSION = YES;
				CLANG_WARN_NON_LITERAL_NULL_CONVERSION = YES;
				CLANG_WARN_OBJC_IMPLICIT_RETAIN_SELF = YES;
				CLANG_WARN_OBJC_LITERAL_CONVERSION = YES;
				CLANG_WARN_OBJC_ROOT_CLASS = YES_ERROR;
				CLANG_WARN_RANGE_LOOP_ANALYSIS = YES;
				CLANG_WARN_STRICT_PROTOTYPES = YES;
				CLANG_WARN_SUSPICIOUS_MOVE = YES;
				CLANG_WARN_UNGUARDED_AVAILABILITY = YES_AGGRESSIVE;
				CLANG_WARN_UNREACHABLE_CODE = YES;
				CLANG_WARN__DUPLICATE_METHOD_MATCH = YES;
				CODE_SIGN_IDENTITY = "Mac Developer";
				COPY_PHASE_STRIP = NO;
				DEBUG_INFORMATION_FORMAT = dwarf;
				ENABLE_STRICT_OBJC_MSGSEND = YES;
				ENABLE_TESTABILITY = YES;
				GCC_C_LANGUAGE_STANDARD = gnu11;
				GCC_DYNAMIC_NO_PIC = NO;
				GCC_NO_COMMON_BLOCKS = YES;
				GCC_OPTIMIZATION_LEVEL = 0;
				GCC_PREPROCESSOR_DEFINITIONS = (
					"DEBUG=1",
					"$(inherited)",
				);
				GCC_WARN_64_TO_32_BIT_CONVERSION = YES;
				GCC_WARN_ABOUT_RETURN_TYPE = YES_ERROR;
				GCC_WARN_UNDECLARED_SELECTOR = YES;
				GCC_WARN_UNINITIALIZED_AUTOS = YES_AGGRESSIVE;
				GCC_WARN_UNUSED_FUNCTION = YES;
				GCC_WARN_UNUSED_VARIABLE = YES;
				MACOSX_DEPLOYMENT_TARGET = 10.14;
				MTL_ENABLE_DEBUG_INFO = INCLUDE_SOURCE;
				MTL_FAST_MATH = YES;
				ONLY_ACTIVE_ARCH = YES;
				SDKROOT = macosx;
			};
			name = Debug;
		};
		B938D056219534B7004F759E /* Release */ = {
			isa = XCBuildConfiguration;
			buildSettings = {
				ALWAYS_SEARCH_USER_PATHS = NO;
				CLANG_ANALYZER_NONNULL = YES;
				CLANG_ANALYZER_NUMBER_OBJECT_CONVERSION = YES_AGGRESSIVE;
				CLANG_CXX_LANGUAGE_STANDARD = "gnu++17";
				CLANG_CXX_LIBRARY = "libc++";
				CLANG_ENABLE_MODULES = YES;
				CLANG_ENABLE_OBJC_ARC = YES;
				CLANG_ENABLE_OBJC_WEAK = YES;
				CLANG_WARN_BLOCK_CAPTURE_AUTORELEASING = YES;
				CLANG_WARN_BOOL_CONVERSION = YES;
				CLANG_WARN_COMMA = YES;
				CLANG_WARN_CONSTANT_CONVERSION = YES;
				CLANG_WARN_DEPRECATED_OBJC_IMPLEMENTATIONS = YES;
				CLANG_WARN_DIRECT_OBJC_ISA_USAGE = YES_ERROR;
				CLANG_WARN_DOCUMENTATION_COMMENTS = YES;
				CLANG_WARN_EMPTY_BODY = YES;
				CLANG_WARN_ENUM_CONVERSION = YES;
				CLANG_WARN_INFINITE_RECURSION = YES;
				CLANG_WARN_INT_CONVERSION = YES;
				CLANG_WARN_NON_LITERAL_NULL_CONVERSION = YES;
				CLANG_WARN_OBJC_IMPLICIT_RETAIN_SELF = YES;
				CLANG_WARN_OBJC_LITERAL_CONVERSION = YES;
				CLANG_WARN_OBJC_ROOT_CLASS = YES_ERROR;
				CLANG_WARN_RANGE_LOOP_ANALYSIS = YES;
				CLANG_WARN_STRICT_PROTOTYPES = YES;
				CLANG_WARN_SUSPICIOUS_MOVE = YES;
				CLANG_WARN_UNGUARDED_AVAILABILITY = YES_AGGRESSIVE;
				CLANG_WARN_UNREACHABLE_CODE = YES;
				CLANG_WARN__DUPLICATE_METHOD_MATCH = YES;
				CODE_SIGN_IDENTITY = "Mac Developer";
				COPY_PHASE_STRIP = NO;
				DEBUG_INFORMATION_FORMAT = "dwarf-with-dsym";
				ENABLE_NS_ASSERTIONS = NO;
				ENABLE_STRICT_OBJC_MSGSEND = YES;
				GCC_C_LANGUAGE_STANDARD = gnu11;
				GCC_NO_COMMON_BLOCKS = YES;
				GCC_WARN_64_TO_32_BIT_CONVERSION = YES;
				GCC_WARN_ABOUT_RETURN_TYPE = YES_ERROR;
				GCC_WARN_UNDECLARED_SELECTOR = YES;
				GCC_WARN_UNINITIALIZED_AUTOS = YES_AGGRESSIVE;
				GCC_WARN_UNUSED_FUNCTION = YES;
				GCC_WARN_UNUSED_VARIABLE = YES;
				MACOSX_DEPLOYMENT_TARGET = 10.14;
				MTL_ENABLE_DEBUG_INFO = NO;
				MTL_FAST_MATH = YES;
				SDKROOT = macosx;
			};
			name = Release;
		};
		B938D058219534B7004F759E /* Debug */ = {
			isa = XCBuildConfiguration;
			buildSettings = {
				ASSETCATALOG_COMPILER_APPICON_NAME = AppIcon;
				CLANG_CXX_LIBRARY = "libc++";
				CODE_SIGN_ENTITLEMENTS = "vulkan-gui-test/vulkan_gui_test.entitlements";
				CODE_SIGN_STYLE = Automatic;
				COMBINE_HIDPI_IMAGES = YES;
				DEVELOPMENT_TEAM = 5662ABGNXL;
				FRAMEWORK_SEARCH_PATHS = (
					"$(inherited)",
					"$(PROJECT_DIR)/vulkan-gui-test/vulkansdk-macos-1.1.85.0/macOS/Frameworks",
					"$(PROJECT_DIR)/vulkan-gui-test/vulkansdk-macos-1.1.85.0/MoltenVK/macOS",
				);
				HEADER_SEARCH_PATHS = (
					"./vulkan-gui-test/vulkan_wrapper",
					"./vulkan-gui-test/utils/",
					"./vulkan-gui-test/vulkansdk-macos-1.1.85.0/MoltenVK/include",
					"./vulkan-gui-test/",
					./glm,
				);
				INFOPLIST_FILE = "vulkan-gui-test/Info.plist";
				LD_RUNPATH_SEARCH_PATHS = (
					"$(inherited)",
					"@executable_path/../Resources",
				);
				LIBRARY_SEARCH_PATHS = (
					"$(inherited)",
					"$(PROJECT_DIR)/vulkan-gui-test/vulkansdk-macos-1.1.85.0/MoltenVK/macOS",
					"$(PROJECT_DIR)/vulkan-gui-test/Libraries/Mac/Debug",
				);
				OTHER_LDFLAGS = "-lglfw3";
				PRODUCT_BUNDLE_IDENTIFIER = "codigo-artistico.vulkan-gui-test";
				PRODUCT_NAME = "$(TARGET_NAME)";
			};
			name = Debug;
		};
		B938D059219534B7004F759E /* Release */ = {
			isa = XCBuildConfiguration;
			buildSettings = {
				ASSETCATALOG_COMPILER_APPICON_NAME = AppIcon;
				CLANG_CXX_LIBRARY = "libc++";
				CODE_SIGN_ENTITLEMENTS = "vulkan-gui-test/vulkan_gui_test.entitlements";
				CODE_SIGN_STYLE = Automatic;
				COMBINE_HIDPI_IMAGES = YES;
				DEVELOPMENT_TEAM = 5662ABGNXL;
				FRAMEWORK_SEARCH_PATHS = (
					"$(inherited)",
					"$(PROJECT_DIR)/vulkan-gui-test/vulkansdk-macos-1.1.85.0/macOS/Frameworks",
					"$(PROJECT_DIR)/vulkan-gui-test/vulkansdk-macos-1.1.85.0/MoltenVK/macOS",
				);
				HEADER_SEARCH_PATHS = (
					"./vulkan-gui-test/vulkan_wrapper",
					"./vulkan-gui-test/utils/",
					"./vulkan-gui-test/vulkansdk-macos-1.1.85.0/MoltenVK/include",
					"./vulkan-gui-test/",
					./glm,
				);
				INFOPLIST_FILE = "vulkan-gui-test/Info.plist";
				LD_RUNPATH_SEARCH_PATHS = (
					"$(inherited)",
					"@executable_path/../Resources",
				);
				LIBRARY_SEARCH_PATHS = (
					"$(inherited)",
					"$(PROJECT_DIR)/vulkan-gui-test/vulkansdk-macos-1.1.85.0/MoltenVK/macOS",
					"$(PROJECT_DIR)/vulkan-gui-test/Libraries/Mac/Release",
				);
				OTHER_LDFLAGS = "-lglfw3";
				PRODUCT_BUNDLE_IDENTIFIER = "codigo-artistico.vulkan-gui-test";
				PRODUCT_NAME = "$(TARGET_NAME)";
			};
			name = Release;
		};
/* End XCBuildConfiguration section */

/* Begin XCConfigurationList section */
		B938D03E219534B7004F759E /* Build configuration list for PBXProject "vulkan-gui-test" */ = {
			isa = XCConfigurationList;
			buildConfigurations = (
				B938D055219534B7004F759E /* Debug */,
				B938D056219534B7004F759E /* Release */,
			);
			defaultConfigurationIsVisible = 0;
			defaultConfigurationName = Release;
		};
		B938D057219534B7004F759E /* Build configuration list for PBXNativeTarget "vulkan-gui-test" */ = {
			isa = XCConfigurationList;
			buildConfigurations = (
				B938D058219534B7004F759E /* Debug */,
				B938D059219534B7004F759E /* Release */,
			);
			defaultConfigurationIsVisible = 0;
			defaultConfigurationName = Release;
		};
/* End XCConfigurationList section */
	};
	rootObject = B938D03B219534B7004F759E /* Project object */;
}
