<?xml version="1.0" encoding="UTF-8"?>
<Scheme
   LastUpgradeVersion = "1110"
   version = "1.3">
   <BuildAction
      parallelizeBuildables = "YES"
      buildImplicitDependencies = "YES">
      <BuildActionEntries>
         <BuildActionEntry
            buildForTesting = "YES"
            buildForRunning = "YES"
            buildForProfiling = "YES"
            buildForArchiving = "YES"
            buildForAnalyzing = "YES">
            <BuildableReference
               BuildableIdentifier = "primary"
               BlueprintIdentifier = "B938D042219534B7004F759E"
               BuildableName = "vulkan-demos.app"
               BlueprintName = "vulkan-demos"
               ReferencedContainer = "container:vulkan-demos.xcodeproj">
            </BuildableReference>
         </BuildActionEntry>
      </BuildActionEntries>
   </BuildAction>
   <TestAction
      buildConfiguration = "Debug"
      selectedDebuggerIdentifier = "Xcode.DebuggerFoundation.Debugger.LLDB"
      selectedLauncherIdentifier = "Xcode.DebuggerFoundation.Launcher.LLDB"
      shouldUseLaunchSchemeArgsEnv = "YES">
      <MacroExpansion>
         <BuildableReference
            BuildableIdentifier = "primary"
            BlueprintIdentifier = "B938D042219534B7004F759E"
            BuildableName = "vulkan-demos.app"
            BlueprintName = "vulkan-demos"
            ReferencedContainer = "container:vulkan-demos.xcodeproj">
         </BuildableReference>
      </MacroExpansion>
      <Testables>
      </Testables>
   </TestAction>
   <LaunchAction
      buildConfiguration = "Debug"
      selectedDebuggerIdentifier = "Xcode.DebuggerFoundation.Debugger.LLDB"
      selectedLauncherIdentifier = "Xcode.DebuggerFoundation.Launcher.LLDB"
      launchStyle = "0"
      useCustomWorkingDirectory = "NO"
      ignoresPersistentStateOnLaunch = "NO"
      debugDocumentVersioning = "YES"
      debugServiceExtension = "internal"
      enableGPUFrameCaptureMode = "1"
      allowLocationSimulation = "YES">
      <BuildableProductRunnable
         runnableDebuggingMode = "0">
         <BuildableReference
            BuildableIdentifier = "primary"
            BlueprintIdentifier = "B938D042219534B7004F759E"
            BuildableName = "vulkan-demos.app"
            BlueprintName = "vulkan-demos"
            ReferencedContainer = "container:vulkan-demos.xcodeproj">
         </BuildableReference>
      </BuildableProductRunnable>
      <EnvironmentVariables>
         <EnvironmentVariable
            key = "VK_ICD_FILENAMES"
            value = "./vulkan-test/vulkansdk-macos-1.1.85.0/macOS/etc/vulkan/icd.d/MoltenVK_icd.json"
            isEnabled = "NO">
         </EnvironmentVariable>
         <EnvironmentVariable
            key = "VK_INSTANCE_LAYERS"
            value = "VK_LAYER_LUNARG_standard_validation"
            isEnabled = "YES">
         </EnvironmentVariable>
         <EnvironmentVariable
            key = "VK_LAYER_PATH"
            value = "./vulkan-test/vulkansdk-macos-1.1.85.0/macOS/etc/vulkan/"
            isEnabled = "YES">
         </EnvironmentVariable>
         <EnvironmentVariable
            key = "VULKAN_SDK"
            value = "./vulkan-test/vulkansdk-macos-1.1.85.0/macOS/"
            isEnabled = "YES">
         </EnvironmentVariable>
      </EnvironmentVariables>
   </LaunchAction>
   <ProfileAction
      buildConfiguration = "Release"
      shouldUseLaunchSchemeArgsEnv = "YES"
      savedToolIdentifier = ""
      useCustomWorkingDirectory = "NO"
      debugDocumentVersioning = "YES">
      <BuildableProductRunnable
         runnableDebuggingMode = "0">
         <BuildableReference
            BuildableIdentifier = "primary"
            BlueprintIdentifier = "B938D042219534B7004F759E"
            BuildableName = "vulkan-demos.app"
            BlueprintName = "vulkan-demos"
            ReferencedContainer = "container:vulkan-demos.xcodeproj">
         </BuildableReference>
      </BuildableProductRunnable>
   </ProfileAction>
   <AnalyzeAction
      buildConfiguration = "Debug">
   </AnalyzeAction>
   <ArchiveAction
      buildConfiguration = "Release"
      revealArchiveInOrganizer = "YES">
   </ArchiveAction>
</Scheme>
